// !$*UTF8*$!
{
	archiveVersion = 1;
	classes = {
	};
	objectVersion = 46;
	objects = {

/* Begin PBXBuildFile section */
		1AC6FB21180E996B004C840B /* libcocos2d Mac.a in Frameworks */ = {isa = PBXBuildFile; fileRef = 1AC6FAF9180E9839004C840B /* libcocos2d Mac.a */; };
		1AC6FB30180E99EB004C840B /* libcocos2d iOS.a in Frameworks */ = {isa = PBXBuildFile; fileRef = 1AC6FB07180E9839004C840B /* libcocos2d iOS.a */; };
		1D60589F0D05DD5A006BFB54 /* Foundation.framework in Frameworks */ = {isa = PBXBuildFile; fileRef = 1D30AB110D05D00D00671497 /* Foundation.framework */; };
		1DF5F4E00D08C38300B7A737 /* UIKit.framework in Frameworks */ = {isa = PBXBuildFile; fileRef = 1DF5F4DF0D08C38300B7A737 /* UIKit.framework */; };
		288765A50DF7441C002DB57D /* CoreGraphics.framework in Frameworks */ = {isa = PBXBuildFile; fileRef = 288765A40DF7441C002DB57D /* CoreGraphics.framework */; };
		3EACC98F19EE6D4300EB3C5E /* res in Resources */ = {isa = PBXBuildFile; fileRef = 3EACC98E19EE6D4300EB3C5E /* res */; };
		3EACC99019EE6D4300EB3C5E /* res in Resources */ = {isa = PBXBuildFile; fileRef = 3EACC98E19EE6D4300EB3C5E /* res */; };
		46880B7B19C43A67006E1F66 /* CloseNormal.png in Resources */ = {isa = PBXBuildFile; fileRef = 46880B7619C43A67006E1F66 /* CloseNormal.png */; };
		46880B7C19C43A67006E1F66 /* CloseNormal.png in Resources */ = {isa = PBXBuildFile; fileRef = 46880B7619C43A67006E1F66 /* CloseNormal.png */; };
		46880B7D19C43A67006E1F66 /* CloseSelected.png in Resources */ = {isa = PBXBuildFile; fileRef = 46880B7719C43A67006E1F66 /* CloseSelected.png */; };
		46880B7E19C43A67006E1F66 /* CloseSelected.png in Resources */ = {isa = PBXBuildFile; fileRef = 46880B7719C43A67006E1F66 /* CloseSelected.png */; };
		46880B8119C43A67006E1F66 /* HelloWorld.png in Resources */ = {isa = PBXBuildFile; fileRef = 46880B7A19C43A67006E1F66 /* HelloWorld.png */; };
		46880B8219C43A67006E1F66 /* HelloWorld.png in Resources */ = {isa = PBXBuildFile; fileRef = 46880B7A19C43A67006E1F66 /* HelloWorld.png */; };
		46880B8819C43A87006E1F66 /* AppDelegate.cpp in Sources */ = {isa = PBXBuildFile; fileRef = 46880B8419C43A87006E1F66 /* AppDelegate.cpp */; };
		46880B8919C43A87006E1F66 /* AppDelegate.cpp in Sources */ = {isa = PBXBuildFile; fileRef = 46880B8419C43A87006E1F66 /* AppDelegate.cpp */; };
		46880B8A19C43A87006E1F66 /* HelloWorldScene.cpp in Sources */ = {isa = PBXBuildFile; fileRef = 46880B8619C43A87006E1F66 /* HelloWorldScene.cpp */; };
		46880B8B19C43A87006E1F66 /* HelloWorldScene.cpp in Sources */ = {isa = PBXBuildFile; fileRef = 46880B8619C43A87006E1F66 /* HelloWorldScene.cpp */; };
		503AE0F817EB97AB00D1A890 /* Icon.icns in Resources */ = {isa = PBXBuildFile; fileRef = 503AE0F617EB97AB00D1A890 /* Icon.icns */; };
		503AE10017EB989F00D1A890 /* AppController.mm in Sources */ = {isa = PBXBuildFile; fileRef = 503AE0FB17EB989F00D1A890 /* AppController.mm */; };
		503AE10117EB989F00D1A890 /* main.m in Sources */ = {isa = PBXBuildFile; fileRef = 503AE0FC17EB989F00D1A890 /* main.m */; };
		503AE10217EB989F00D1A890 /* RootViewController.mm in Sources */ = {isa = PBXBuildFile; fileRef = 503AE0FF17EB989F00D1A890 /* RootViewController.mm */; };
		503AE10517EB98FF00D1A890 /* main.cpp in Sources */ = {isa = PBXBuildFile; fileRef = 503AE10317EB98FF00D1A890 /* main.cpp */; };
		503AE11B17EB9C5A00D1A890 /* IOKit.framework in Frameworks */ = {isa = PBXBuildFile; fileRef = 503AE11A17EB9C5A00D1A890 /* IOKit.framework */; };
		5087E76317EB910900C73F5D /* Foundation.framework in Frameworks */ = {isa = PBXBuildFile; fileRef = 1D30AB110D05D00D00671497 /* Foundation.framework */; };
		5087E76717EB910900C73F5D /* libz.dylib in Frameworks */ = {isa = PBXBuildFile; fileRef = BF170DB412928DE900B8313A /* libz.dylib */; };
		5087E76817EB910900C73F5D /* QuartzCore.framework in Frameworks */ = {isa = PBXBuildFile; fileRef = BF1C47EA1293683800B63C5D /* QuartzCore.framework */; };
		5087E76917EB910900C73F5D /* OpenAL.framework in Frameworks */ = {isa = PBXBuildFile; fileRef = D44C620B132DFF330009C878 /* OpenAL.framework */; };
		5087E76A17EB910900C73F5D /* AVFoundation.framework in Frameworks */ = {isa = PBXBuildFile; fileRef = D44C620D132DFF430009C878 /* AVFoundation.framework */; };
		5087E76B17EB910900C73F5D /* AudioToolbox.framework in Frameworks */ = {isa = PBXBuildFile; fileRef = D44C620F132DFF4E0009C878 /* AudioToolbox.framework */; };
		5087E77D17EB970100C73F5D /* Default-568h@2x.png in Resources */ = {isa = PBXBuildFile; fileRef = 5087E77217EB970100C73F5D /* Default-568h@2x.png */; };
		5087E77E17EB970100C73F5D /* Default.png in Resources */ = {isa = PBXBuildFile; fileRef = 5087E77317EB970100C73F5D /* Default.png */; };
		5087E77F17EB970100C73F5D /* Default@2x.png in Resources */ = {isa = PBXBuildFile; fileRef = 5087E77417EB970100C73F5D /* Default@2x.png */; };
		5087E78017EB970100C73F5D /* Icon-114.png in Resources */ = {isa = PBXBuildFile; fileRef = 5087E77517EB970100C73F5D /* Icon-114.png */; };
		5087E78117EB970100C73F5D /* Icon-120.png in Resources */ = {isa = PBXBuildFile; fileRef = 5087E77617EB970100C73F5D /* Icon-120.png */; };
		5087E78217EB970100C73F5D /* Icon-144.png in Resources */ = {isa = PBXBuildFile; fileRef = 5087E77717EB970100C73F5D /* Icon-144.png */; };
		5087E78317EB970100C73F5D /* Icon-152.png in Resources */ = {isa = PBXBuildFile; fileRef = 5087E77817EB970100C73F5D /* Icon-152.png */; };
		5087E78417EB970100C73F5D /* Icon-57.png in Resources */ = {isa = PBXBuildFile; fileRef = 5087E77917EB970100C73F5D /* Icon-57.png */; };
		5087E78517EB970100C73F5D /* Icon-72.png in Resources */ = {isa = PBXBuildFile; fileRef = 5087E77A17EB970100C73F5D /* Icon-72.png */; };
		5087E78617EB970100C73F5D /* Icon-76.png in Resources */ = {isa = PBXBuildFile; fileRef = 5087E77B17EB970100C73F5D /* Icon-76.png */; };
		5087E78917EB974C00C73F5D /* AppKit.framework in Frameworks */ = {isa = PBXBuildFile; fileRef = 5087E78817EB974C00C73F5D /* AppKit.framework */; };
		5087E78B17EB975400C73F5D /* OpenGL.framework in Frameworks */ = {isa = PBXBuildFile; fileRef = 5087E78A17EB975400C73F5D /* OpenGL.framework */; };
		50EF629617ECD46A001EB2F8 /* Icon-40.png in Resources */ = {isa = PBXBuildFile; fileRef = 50EF629217ECD46A001EB2F8 /* Icon-40.png */; };
		50EF629717ECD46A001EB2F8 /* Icon-58.png in Resources */ = {isa = PBXBuildFile; fileRef = 50EF629317ECD46A001EB2F8 /* Icon-58.png */; };
		50EF629817ECD46A001EB2F8 /* Icon-80.png in Resources */ = {isa = PBXBuildFile; fileRef = 50EF629417ECD46A001EB2F8 /* Icon-80.png */; };
		50EF629917ECD46A001EB2F8 /* Icon-100.png in Resources */ = {isa = PBXBuildFile; fileRef = 50EF629517ECD46A001EB2F8 /* Icon-100.png */; };
		50EF62A217ECD613001EB2F8 /* Icon-29.png in Resources */ = {isa = PBXBuildFile; fileRef = 50EF62A017ECD613001EB2F8 /* Icon-29.png */; };
		50EF62A317ECD613001EB2F8 /* Icon-50.png in Resources */ = {isa = PBXBuildFile; fileRef = 50EF62A117ECD613001EB2F8 /* Icon-50.png */; };
		521A8E6419F0C34300D177D7 /* Default-667h@2x.png in Resources */ = {isa = PBXBuildFile; fileRef = 521A8E6219F0C34300D177D7 /* Default-667h@2x.png */; };
		521A8E6519F0C34300D177D7 /* Default-736h@3x.png in Resources */ = {isa = PBXBuildFile; fileRef = 521A8E6319F0C34300D177D7 /* Default-736h@3x.png */; };
		521A8EA919F11F5000D177D7 /* fonts in Resources */ = {isa = PBXBuildFile; fileRef = 521A8EA819F11F5000D177D7 /* fonts */; };
		521A8EAA19F11F5000D177D7 /* fonts in Resources */ = {isa = PBXBuildFile; fileRef = 521A8EA819F11F5000D177D7 /* fonts */; };
		52B47A471A53D09C004E4C60 /* Security.framework in Frameworks */ = {isa = PBXBuildFile; fileRef = 52B47A461A53D09B004E4C60 /* Security.framework */; };
		8262943E1AAF051F00CB7CF7 /* Security.framework in Frameworks */ = {isa = PBXBuildFile; fileRef = 8262943D1AAF051F00CB7CF7 /* Security.framework */; };
		8822EF861C437B6A00D786EC /* exit.png in Resources */ = {isa = PBXBuildFile; fileRef = 8822EF851C437B6A00D786EC /* exit.png */; };
		88579E761C61FB5F00D271DE /* list.png in Resources */ = {isa = PBXBuildFile; fileRef = 88579E751C61FB5F00D271DE /* list.png */; };
		88579E781C61FBDF00D271DE /* innernet.png in Resources */ = {isa = PBXBuildFile; fileRef = 88579E771C61FBDF00D271DE /* innernet.png */; };
		885E23661C63240D007A1569 /* edit_box_gray.png in Resources */ = {isa = PBXBuildFile; fileRef = 885E23651C63240D007A1569 /* edit_box_gray.png */; };
		886F3F561C58631800873F26 /* GetIp.m in Sources */ = {isa = PBXBuildFile; fileRef = 886F3F551C58631800873F26 /* GetIp.m */; };
		886F3F5A1C58633E00873F26 /* GetIpSprite.mm in Sources */ = {isa = PBXBuildFile; fileRef = 886F3F581C58633E00873F26 /* GetIpSprite.mm */; };
		88F5F0831C2BBB2F00DCDD73 /* btn100.png in Resources */ = {isa = PBXBuildFile; fileRef = 88F5F0611C2BBB2F00DCDD73 /* btn100.png */; };
		88F5F0841C2BBB2F00DCDD73 /* btn100.png in Resources */ = {isa = PBXBuildFile; fileRef = 88F5F0611C2BBB2F00DCDD73 /* btn100.png */; };
		88F5F0851C2BBB2F00DCDD73 /* btn101.png in Resources */ = {isa = PBXBuildFile; fileRef = 88F5F0621C2BBB2F00DCDD73 /* btn101.png */; };
		88F5F0861C2BBB2F00DCDD73 /* btn101.png in Resources */ = {isa = PBXBuildFile; fileRef = 88F5F0621C2BBB2F00DCDD73 /* btn101.png */; };
		88F5F0871C2BBB2F00DCDD73 /* btn102.png in Resources */ = {isa = PBXBuildFile; fileRef = 88F5F0631C2BBB2F00DCDD73 /* btn102.png */; };
		88F5F0881C2BBB2F00DCDD73 /* btn102.png in Resources */ = {isa = PBXBuildFile; fileRef = 88F5F0631C2BBB2F00DCDD73 /* btn102.png */; };
		88F5F0891C2BBB2F00DCDD73 /* btn103.png in Resources */ = {isa = PBXBuildFile; fileRef = 88F5F0641C2BBB2F00DCDD73 /* btn103.png */; };
		88F5F08A1C2BBB2F00DCDD73 /* btn103.png in Resources */ = {isa = PBXBuildFile; fileRef = 88F5F0641C2BBB2F00DCDD73 /* btn103.png */; };
		88F5F08B1C2BBB2F00DCDD73 /* btn104.png in Resources */ = {isa = PBXBuildFile; fileRef = 88F5F0651C2BBB2F00DCDD73 /* btn104.png */; };
		88F5F08C1C2BBB2F00DCDD73 /* btn104.png in Resources */ = {isa = PBXBuildFile; fileRef = 88F5F0651C2BBB2F00DCDD73 /* btn104.png */; };
		88F5F08D1C2BBB2F00DCDD73 /* btn200.png in Resources */ = {isa = PBXBuildFile; fileRef = 88F5F0661C2BBB2F00DCDD73 /* btn200.png */; };
		88F5F08E1C2BBB2F00DCDD73 /* btn200.png in Resources */ = {isa = PBXBuildFile; fileRef = 88F5F0661C2BBB2F00DCDD73 /* btn200.png */; };
		88F5F08F1C2BBB2F00DCDD73 /* btn201.png in Resources */ = {isa = PBXBuildFile; fileRef = 88F5F0671C2BBB2F00DCDD73 /* btn201.png */; };
		88F5F0901C2BBB2F00DCDD73 /* btn201.png in Resources */ = {isa = PBXBuildFile; fileRef = 88F5F0671C2BBB2F00DCDD73 /* btn201.png */; };
		88F5F0911C2BBB2F00DCDD73 /* btn202.png in Resources */ = {isa = PBXBuildFile; fileRef = 88F5F0681C2BBB2F00DCDD73 /* btn202.png */; };
		88F5F0921C2BBB2F00DCDD73 /* btn202.png in Resources */ = {isa = PBXBuildFile; fileRef = 88F5F0681C2BBB2F00DCDD73 /* btn202.png */; };
		88F5F0931C2BBB2F00DCDD73 /* btn203.png in Resources */ = {isa = PBXBuildFile; fileRef = 88F5F0691C2BBB2F00DCDD73 /* btn203.png */; };
		88F5F0941C2BBB2F00DCDD73 /* btn203.png in Resources */ = {isa = PBXBuildFile; fileRef = 88F5F0691C2BBB2F00DCDD73 /* btn203.png */; };
		88F5F0951C2BBB2F00DCDD73 /* btn204.png in Resources */ = {isa = PBXBuildFile; fileRef = 88F5F06A1C2BBB2F00DCDD73 /* btn204.png */; };
		88F5F0961C2BBB2F00DCDD73 /* btn204.png in Resources */ = {isa = PBXBuildFile; fileRef = 88F5F06A1C2BBB2F00DCDD73 /* btn204.png */; };
		88F5F0971C2BBB2F00DCDD73 /* btn300.png in Resources */ = {isa = PBXBuildFile; fileRef = 88F5F06B1C2BBB2F00DCDD73 /* btn300.png */; };
		88F5F0981C2BBB2F00DCDD73 /* btn300.png in Resources */ = {isa = PBXBuildFile; fileRef = 88F5F06B1C2BBB2F00DCDD73 /* btn300.png */; };
		88F5F0991C2BBB2F00DCDD73 /* btn301.png in Resources */ = {isa = PBXBuildFile; fileRef = 88F5F06C1C2BBB2F00DCDD73 /* btn301.png */; };
		88F5F09A1C2BBB2F00DCDD73 /* btn301.png in Resources */ = {isa = PBXBuildFile; fileRef = 88F5F06C1C2BBB2F00DCDD73 /* btn301.png */; };
		88F5F09B1C2BBB2F00DCDD73 /* btn302.png in Resources */ = {isa = PBXBuildFile; fileRef = 88F5F06D1C2BBB2F00DCDD73 /* btn302.png */; };
		88F5F09C1C2BBB2F00DCDD73 /* btn302.png in Resources */ = {isa = PBXBuildFile; fileRef = 88F5F06D1C2BBB2F00DCDD73 /* btn302.png */; };
		88F5F09D1C2BBB2F00DCDD73 /* btn303.png in Resources */ = {isa = PBXBuildFile; fileRef = 88F5F06E1C2BBB2F00DCDD73 /* btn303.png */; };
		88F5F09E1C2BBB2F00DCDD73 /* btn303.png in Resources */ = {isa = PBXBuildFile; fileRef = 88F5F06E1C2BBB2F00DCDD73 /* btn303.png */; };
		88F5F09F1C2BBB2F00DCDD73 /* btn304.png in Resources */ = {isa = PBXBuildFile; fileRef = 88F5F06F1C2BBB2F00DCDD73 /* btn304.png */; };
		88F5F0A01C2BBB2F00DCDD73 /* btn304.png in Resources */ = {isa = PBXBuildFile; fileRef = 88F5F06F1C2BBB2F00DCDD73 /* btn304.png */; };
		88F5F0A11C2BBB2F00DCDD73 /* btn305.png in Resources */ = {isa = PBXBuildFile; fileRef = 88F5F0701C2BBB2F00DCDD73 /* btn305.png */; };
		88F5F0A21C2BBB2F00DCDD73 /* btn305.png in Resources */ = {isa = PBXBuildFile; fileRef = 88F5F0701C2BBB2F00DCDD73 /* btn305.png */; };
		88F5F0A31C2BBB2F00DCDD73 /* btn306.png in Resources */ = {isa = PBXBuildFile; fileRef = 88F5F0711C2BBB2F00DCDD73 /* btn306.png */; };
		88F5F0A41C2BBB2F00DCDD73 /* btn306.png in Resources */ = {isa = PBXBuildFile; fileRef = 88F5F0711C2BBB2F00DCDD73 /* btn306.png */; };
		88F5F0A51C2BBB2F00DCDD73 /* btn400.png in Resources */ = {isa = PBXBuildFile; fileRef = 88F5F0721C2BBB2F00DCDD73 /* btn400.png */; };
		88F5F0A61C2BBB2F00DCDD73 /* btn400.png in Resources */ = {isa = PBXBuildFile; fileRef = 88F5F0721C2BBB2F00DCDD73 /* btn400.png */; };
		88F5F0A71C2BBB2F00DCDD73 /* btn401.png in Resources */ = {isa = PBXBuildFile; fileRef = 88F5F0731C2BBB2F00DCDD73 /* btn401.png */; };
		88F5F0A81C2BBB2F00DCDD73 /* btn401.png in Resources */ = {isa = PBXBuildFile; fileRef = 88F5F0731C2BBB2F00DCDD73 /* btn401.png */; };
		88F5F0A91C2BBB2F00DCDD73 /* btn402.png in Resources */ = {isa = PBXBuildFile; fileRef = 88F5F0741C2BBB2F00DCDD73 /* btn402.png */; };
		88F5F0AA1C2BBB2F00DCDD73 /* btn402.png in Resources */ = {isa = PBXBuildFile; fileRef = 88F5F0741C2BBB2F00DCDD73 /* btn402.png */; };
		88F5F0AB1C2BBB2F00DCDD73 /* btn403.png in Resources */ = {isa = PBXBuildFile; fileRef = 88F5F0751C2BBB2F00DCDD73 /* btn403.png */; };
		88F5F0AC1C2BBB2F00DCDD73 /* btn403.png in Resources */ = {isa = PBXBuildFile; fileRef = 88F5F0751C2BBB2F00DCDD73 /* btn403.png */; };
		88F5F0AD1C2BBB2F00DCDD73 /* btn404.png in Resources */ = {isa = PBXBuildFile; fileRef = 88F5F0761C2BBB2F00DCDD73 /* btn404.png */; };
		88F5F0AE1C2BBB2F00DCDD73 /* btn404.png in Resources */ = {isa = PBXBuildFile; fileRef = 88F5F0761C2BBB2F00DCDD73 /* btn404.png */; };
		88F5F0AF1C2BBB2F00DCDD73 /* btn405.png in Resources */ = {isa = PBXBuildFile; fileRef = 88F5F0771C2BBB2F00DCDD73 /* btn405.png */; };
		88F5F0B01C2BBB2F00DCDD73 /* btn405.png in Resources */ = {isa = PBXBuildFile; fileRef = 88F5F0771C2BBB2F00DCDD73 /* btn405.png */; };
		88F5F0B11C2BBB2F00DCDD73 /* btn406.png in Resources */ = {isa = PBXBuildFile; fileRef = 88F5F0781C2BBB2F00DCDD73 /* btn406.png */; };
		88F5F0B21C2BBB2F00DCDD73 /* btn406.png in Resources */ = {isa = PBXBuildFile; fileRef = 88F5F0781C2BBB2F00DCDD73 /* btn406.png */; };
		88F5F0B31C2BBB2F00DCDD73 /* btn500.png in Resources */ = {isa = PBXBuildFile; fileRef = 88F5F0791C2BBB2F00DCDD73 /* btn500.png */; };
		88F5F0B41C2BBB2F00DCDD73 /* btn500.png in Resources */ = {isa = PBXBuildFile; fileRef = 88F5F0791C2BBB2F00DCDD73 /* btn500.png */; };
		88F5F0B51C2BBB2F00DCDD73 /* btn501.png in Resources */ = {isa = PBXBuildFile; fileRef = 88F5F07A1C2BBB2F00DCDD73 /* btn501.png */; };
		88F5F0B61C2BBB2F00DCDD73 /* btn501.png in Resources */ = {isa = PBXBuildFile; fileRef = 88F5F07A1C2BBB2F00DCDD73 /* btn501.png */; };
		88F5F0B71C2BBB2F00DCDD73 /* btn502.png in Resources */ = {isa = PBXBuildFile; fileRef = 88F5F07B1C2BBB2F00DCDD73 /* btn502.png */; };
		88F5F0B81C2BBB2F00DCDD73 /* btn502.png in Resources */ = {isa = PBXBuildFile; fileRef = 88F5F07B1C2BBB2F00DCDD73 /* btn502.png */; };
		88F5F0B91C2BBB2F00DCDD73 /* btn503.png in Resources */ = {isa = PBXBuildFile; fileRef = 88F5F07C1C2BBB2F00DCDD73 /* btn503.png */; };
		88F5F0BA1C2BBB2F00DCDD73 /* btn503.png in Resources */ = {isa = PBXBuildFile; fileRef = 88F5F07C1C2BBB2F00DCDD73 /* btn503.png */; };
		88F5F0BB1C2BBB2F00DCDD73 /* btn504.png in Resources */ = {isa = PBXBuildFile; fileRef = 88F5F07D1C2BBB2F00DCDD73 /* btn504.png */; };
		88F5F0BC1C2BBB2F00DCDD73 /* btn504.png in Resources */ = {isa = PBXBuildFile; fileRef = 88F5F07D1C2BBB2F00DCDD73 /* btn504.png */; };
		88F5F0BD1C2BBB2F00DCDD73 /* btn600.png in Resources */ = {isa = PBXBuildFile; fileRef = 88F5F07E1C2BBB2F00DCDD73 /* btn600.png */; };
		88F5F0BE1C2BBB2F00DCDD73 /* btn600.png in Resources */ = {isa = PBXBuildFile; fileRef = 88F5F07E1C2BBB2F00DCDD73 /* btn600.png */; };
		88F5F0BF1C2BBB2F00DCDD73 /* btn601.png in Resources */ = {isa = PBXBuildFile; fileRef = 88F5F07F1C2BBB2F00DCDD73 /* btn601.png */; };
		88F5F0C01C2BBB2F00DCDD73 /* btn601.png in Resources */ = {isa = PBXBuildFile; fileRef = 88F5F07F1C2BBB2F00DCDD73 /* btn601.png */; };
		88F5F0C11C2BBB2F00DCDD73 /* btn602.png in Resources */ = {isa = PBXBuildFile; fileRef = 88F5F0801C2BBB2F00DCDD73 /* btn602.png */; };
		88F5F0C21C2BBB2F00DCDD73 /* btn602.png in Resources */ = {isa = PBXBuildFile; fileRef = 88F5F0801C2BBB2F00DCDD73 /* btn602.png */; };
		88F5F0C31C2BBB2F00DCDD73 /* btn603.png in Resources */ = {isa = PBXBuildFile; fileRef = 88F5F0811C2BBB2F00DCDD73 /* btn603.png */; };
		88F5F0C41C2BBB2F00DCDD73 /* btn603.png in Resources */ = {isa = PBXBuildFile; fileRef = 88F5F0811C2BBB2F00DCDD73 /* btn603.png */; };
		88F5F0C51C2BBB2F00DCDD73 /* btn604.png in Resources */ = {isa = PBXBuildFile; fileRef = 88F5F0821C2BBB2F00DCDD73 /* btn604.png */; };
		88F5F0C61C2BBB2F00DCDD73 /* btn604.png in Resources */ = {isa = PBXBuildFile; fileRef = 88F5F0821C2BBB2F00DCDD73 /* btn604.png */; };
		88F5F0CB1C2BBB4400DCDD73 /* conf_bg.png in Resources */ = {isa = PBXBuildFile; fileRef = 88F5F0C71C2BBB4400DCDD73 /* conf_bg.png */; };
		88F5F0CC1C2BBB4400DCDD73 /* conf_bg.png in Resources */ = {isa = PBXBuildFile; fileRef = 88F5F0C71C2BBB4400DCDD73 /* conf_bg.png */; };
		88F5F0CD1C2BBB4400DCDD73 /* contrl_bg.png in Resources */ = {isa = PBXBuildFile; fileRef = 88F5F0C81C2BBB4400DCDD73 /* contrl_bg.png */; };
		88F5F0CE1C2BBB4400DCDD73 /* contrl_bg.png in Resources */ = {isa = PBXBuildFile; fileRef = 88F5F0C81C2BBB4400DCDD73 /* contrl_bg.png */; };
		88F5F0CF1C2BBB4400DCDD73 /* control.png in Resources */ = {isa = PBXBuildFile; fileRef = 88F5F0C91C2BBB4400DCDD73 /* control.png */; };
		88F5F0D01C2BBB4400DCDD73 /* control.png in Resources */ = {isa = PBXBuildFile; fileRef = 88F5F0C91C2BBB4400DCDD73 /* control.png */; };
		88F5F0D11C2BBB4400DCDD73 /* edit_box.png in Resources */ = {isa = PBXBuildFile; fileRef = 88F5F0CA1C2BBB4400DCDD73 /* edit_box.png */; };
		88F5F0D21C2BBB4400DCDD73 /* edit_box.png in Resources */ = {isa = PBXBuildFile; fileRef = 88F5F0CA1C2BBB4400DCDD73 /* edit_box.png */; };
		88F5F0D41C2BBB5100DCDD73 /* home_bg.png in Resources */ = {isa = PBXBuildFile; fileRef = 88F5F0D31C2BBB5100DCDD73 /* home_bg.png */; };
		88F5F0D51C2BBB5100DCDD73 /* home_bg.png in Resources */ = {isa = PBXBuildFile; fileRef = 88F5F0D31C2BBB5100DCDD73 /* home_bg.png */; };
		88F5F0E11C2BBB6700DCDD73 /* ConfBtn.cpp in Sources */ = {isa = PBXBuildFile; fileRef = 88F5F0D61C2BBB6700DCDD73 /* ConfBtn.cpp */; };
		88F5F0E21C2BBB6700DCDD73 /* ConfBtn.cpp in Sources */ = {isa = PBXBuildFile; fileRef = 88F5F0D61C2BBB6700DCDD73 /* ConfBtn.cpp */; };
		88F5F0E31C2BBB6700DCDD73 /* ConfScene.cpp in Sources */ = {isa = PBXBuildFile; fileRef = 88F5F0D81C2BBB6700DCDD73 /* ConfScene.cpp */; };
		88F5F0E41C2BBB6700DCDD73 /* ConfScene.cpp in Sources */ = {isa = PBXBuildFile; fileRef = 88F5F0D81C2BBB6700DCDD73 /* ConfScene.cpp */; };
		88F5F0E51C2BBB6700DCDD73 /* ContrlBtn.cpp in Sources */ = {isa = PBXBuildFile; fileRef = 88F5F0DB1C2BBB6700DCDD73 /* ContrlBtn.cpp */; };
		88F5F0E61C2BBB6700DCDD73 /* ContrlBtn.cpp in Sources */ = {isa = PBXBuildFile; fileRef = 88F5F0DB1C2BBB6700DCDD73 /* ContrlBtn.cpp */; };
		88F5F0E71C2BBB6700DCDD73 /* ContrlScene.cpp in Sources */ = {isa = PBXBuildFile; fileRef = 88F5F0DD1C2BBB6700DCDD73 /* ContrlScene.cpp */; };
		88F5F0E81C2BBB6700DCDD73 /* ContrlScene.cpp in Sources */ = {isa = PBXBuildFile; fileRef = 88F5F0DD1C2BBB6700DCDD73 /* ContrlScene.cpp */; };
		88F5F0E91C2BBB6700DCDD73 /* Global.cpp in Sources */ = {isa = PBXBuildFile; fileRef = 88F5F0DF1C2BBB6700DCDD73 /* Global.cpp */; };
		88F5F0EA1C2BBB6700DCDD73 /* Global.cpp in Sources */ = {isa = PBXBuildFile; fileRef = 88F5F0DF1C2BBB6700DCDD73 /* Global.cpp */; };
		88F5F0ED1C2BBB7000DCDD73 /* OrderBtn.cpp in Sources */ = {isa = PBXBuildFile; fileRef = 88F5F0EB1C2BBB7000DCDD73 /* OrderBtn.cpp */; };
		88F5F0EE1C2BBB7000DCDD73 /* OrderBtn.cpp in Sources */ = {isa = PBXBuildFile; fileRef = 88F5F0EB1C2BBB7000DCDD73 /* OrderBtn.cpp */; };
		88F5F0F41C2BBD9200DCDD73 /* conf.png in Resources */ = {isa = PBXBuildFile; fileRef = 88F5F0F31C2BBD9200DCDD73 /* conf.png */; };
		88F5F0F51C2BBD9200DCDD73 /* conf.png in Resources */ = {isa = PBXBuildFile; fileRef = 88F5F0F31C2BBD9200DCDD73 /* conf.png */; };
		BF171245129291EC00B8313A /* OpenGLES.framework in Frameworks */ = {isa = PBXBuildFile; fileRef = BF170DB012928DE900B8313A /* OpenGLES.framework */; };
		BF1712471292920000B8313A /* libz.dylib in Frameworks */ = {isa = PBXBuildFile; fileRef = BF170DB412928DE900B8313A /* libz.dylib */; };
		BF1C47F01293687400B63C5D /* QuartzCore.framework in Frameworks */ = {isa = PBXBuildFile; fileRef = BF1C47EA1293683800B63C5D /* QuartzCore.framework */; };
		D44C620C132DFF330009C878 /* OpenAL.framework in Frameworks */ = {isa = PBXBuildFile; fileRef = D44C620B132DFF330009C878 /* OpenAL.framework */; };
		D44C620E132DFF430009C878 /* AVFoundation.framework in Frameworks */ = {isa = PBXBuildFile; fileRef = D44C620D132DFF430009C878 /* AVFoundation.framework */; };
		D44C6210132DFF4E0009C878 /* AudioToolbox.framework in Frameworks */ = {isa = PBXBuildFile; fileRef = D44C620F132DFF4E0009C878 /* AudioToolbox.framework */; };
		D6B0611B1803AB670077942B /* CoreMotion.framework in Frameworks */ = {isa = PBXBuildFile; fileRef = D6B0611A1803AB670077942B /* CoreMotion.framework */; };
		ED545A7C1B68A1F400C3958E /* libiconv.dylib in Frameworks */ = {isa = PBXBuildFile; fileRef = ED545A7B1B68A1F400C3958E /* libiconv.dylib */; };
		ED545A7E1B68A1FA00C3958E /* libiconv.dylib in Frameworks */ = {isa = PBXBuildFile; fileRef = ED545A7D1B68A1FA00C3958E /* libiconv.dylib */; };
/* End PBXBuildFile section */

/* Begin PBXContainerItemProxy section */
		1AC6FAF8180E9839004C840B /* PBXContainerItemProxy */ = {
			isa = PBXContainerItemProxy;
			containerPortal = 1AC6FAE5180E9839004C840B /* cocos2d_libs.xcodeproj */;
			proxyType = 2;
			remoteGlobalIDString = 1551A33F158F2AB200E66CFE;
			remoteInfo = "cocos2dx Mac";
		};
		1AC6FB06180E9839004C840B /* PBXContainerItemProxy */ = {
			isa = PBXContainerItemProxy;
			containerPortal = 1AC6FAE5180E9839004C840B /* cocos2d_libs.xcodeproj */;
			proxyType = 2;
			remoteGlobalIDString = A07A4D641783777C0073F6A7;
			remoteInfo = "cocos2dx iOS";
		};
		1AC6FB15180E9959004C840B /* PBXContainerItemProxy */ = {
			isa = PBXContainerItemProxy;
			containerPortal = 1AC6FAE5180E9839004C840B /* cocos2d_libs.xcodeproj */;
			proxyType = 1;
			remoteGlobalIDString = 1551A33E158F2AB200E66CFE;
			remoteInfo = "cocos2dx Mac";
		};
		1AC6FB24180E99E1004C840B /* PBXContainerItemProxy */ = {
			isa = PBXContainerItemProxy;
			containerPortal = 1AC6FAE5180E9839004C840B /* cocos2d_libs.xcodeproj */;
			proxyType = 1;
			remoteGlobalIDString = A07A4C241783777C0073F6A7;
			remoteInfo = "cocos2dx iOS";
		};
/* End PBXContainerItemProxy section */

/* Begin PBXFileReference section */
		1AC6FAE5180E9839004C840B /* cocos2d_libs.xcodeproj */ = {isa = PBXFileReference; lastKnownFileType = "wrapper.pb-project"; name = cocos2d_libs.xcodeproj; path = ../cocos2d/build/cocos2d_libs.xcodeproj; sourceTree = "<group>"; };
		1ACB3243164770DE00914215 /* libcurl.a */ = {isa = PBXFileReference; lastKnownFileType = archive.ar; name = libcurl.a; path = ../../cocos2dx/platform/third_party/ios/libraries/libcurl.a; sourceTree = "<group>"; };
		1D30AB110D05D00D00671497 /* Foundation.framework */ = {isa = PBXFileReference; lastKnownFileType = wrapper.framework; name = Foundation.framework; path = System/Library/Frameworks/Foundation.framework; sourceTree = SDKROOT; };
		1D6058910D05DD3D006BFB54 /* kuaij-mobile.app */ = {isa = PBXFileReference; explicitFileType = wrapper.application; includeInIndex = 0; path = "kuaij-mobile.app"; sourceTree = BUILT_PRODUCTS_DIR; };
		1DF5F4DF0D08C38300B7A737 /* UIKit.framework */ = {isa = PBXFileReference; lastKnownFileType = wrapper.framework; name = UIKit.framework; path = System/Library/Frameworks/UIKit.framework; sourceTree = SDKROOT; };
		288765A40DF7441C002DB57D /* CoreGraphics.framework */ = {isa = PBXFileReference; lastKnownFileType = wrapper.framework; name = CoreGraphics.framework; path = System/Library/Frameworks/CoreGraphics.framework; sourceTree = SDKROOT; };
		3EACC98E19EE6D4300EB3C5E /* res */ = {isa = PBXFileReference; lastKnownFileType = folder; path = res; sourceTree = "<group>"; };
		46880B7619C43A67006E1F66 /* CloseNormal.png */ = {isa = PBXFileReference; lastKnownFileType = image.png; path = CloseNormal.png; sourceTree = "<group>"; };
		46880B7719C43A67006E1F66 /* CloseSelected.png */ = {isa = PBXFileReference; lastKnownFileType = image.png; path = CloseSelected.png; sourceTree = "<group>"; };
		46880B7A19C43A67006E1F66 /* HelloWorld.png */ = {isa = PBXFileReference; lastKnownFileType = image.png; path = HelloWorld.png; sourceTree = "<group>"; };
		46880B8419C43A87006E1F66 /* AppDelegate.cpp */ = {isa = PBXFileReference; fileEncoding = 4; lastKnownFileType = sourcecode.cpp.cpp; path = AppDelegate.cpp; sourceTree = "<group>"; };
		46880B8519C43A87006E1F66 /* AppDelegate.h */ = {isa = PBXFileReference; fileEncoding = 4; lastKnownFileType = sourcecode.c.h; path = AppDelegate.h; sourceTree = "<group>"; };
		46880B8619C43A87006E1F66 /* HelloWorldScene.cpp */ = {isa = PBXFileReference; fileEncoding = 4; lastKnownFileType = sourcecode.cpp.cpp; path = HelloWorldScene.cpp; sourceTree = "<group>"; };
		46880B8719C43A87006E1F66 /* HelloWorldScene.h */ = {isa = PBXFileReference; fileEncoding = 4; lastKnownFileType = sourcecode.c.h; path = HelloWorldScene.h; sourceTree = "<group>"; };
		503AE0F617EB97AB00D1A890 /* Icon.icns */ = {isa = PBXFileReference; lastKnownFileType = image.icns; path = Icon.icns; sourceTree = "<group>"; };
		503AE0F717EB97AB00D1A890 /* Info.plist */ = {isa = PBXFileReference; fileEncoding = 4; lastKnownFileType = text.plist.xml; path = Info.plist; sourceTree = "<group>"; };
		503AE0FA17EB989F00D1A890 /* AppController.h */ = {isa = PBXFileReference; fileEncoding = 4; lastKnownFileType = sourcecode.c.h; name = AppController.h; path = ios/AppController.h; sourceTree = SOURCE_ROOT; };
		503AE0FB17EB989F00D1A890 /* AppController.mm */ = {isa = PBXFileReference; fileEncoding = 4; lastKnownFileType = sourcecode.cpp.objcpp; name = AppController.mm; path = ios/AppController.mm; sourceTree = SOURCE_ROOT; };
		503AE0FC17EB989F00D1A890 /* main.m */ = {isa = PBXFileReference; fileEncoding = 4; lastKnownFileType = sourcecode.c.objc; name = main.m; path = ios/main.m; sourceTree = SOURCE_ROOT; };
		503AE0FD17EB989F00D1A890 /* Prefix.pch */ = {isa = PBXFileReference; fileEncoding = 4; lastKnownFileType = sourcecode.c.h; name = Prefix.pch; path = ios/Prefix.pch; sourceTree = SOURCE_ROOT; };
		503AE0FE17EB989F00D1A890 /* RootViewController.h */ = {isa = PBXFileReference; fileEncoding = 4; lastKnownFileType = sourcecode.c.h; name = RootViewController.h; path = ios/RootViewController.h; sourceTree = SOURCE_ROOT; };
		503AE0FF17EB989F00D1A890 /* RootViewController.mm */ = {isa = PBXFileReference; fileEncoding = 4; lastKnownFileType = sourcecode.cpp.objcpp; name = RootViewController.mm; path = ios/RootViewController.mm; sourceTree = SOURCE_ROOT; };
		503AE10317EB98FF00D1A890 /* main.cpp */ = {isa = PBXFileReference; fileEncoding = 4; lastKnownFileType = sourcecode.cpp.cpp; name = main.cpp; path = mac/main.cpp; sourceTree = "<group>"; };
		503AE10417EB98FF00D1A890 /* Prefix.pch */ = {isa = PBXFileReference; fileEncoding = 4; lastKnownFileType = sourcecode.c.h; name = Prefix.pch; path = mac/Prefix.pch; sourceTree = "<group>"; };
		503AE11117EB99EE00D1A890 /* libcurl.dylib */ = {isa = PBXFileReference; lastKnownFileType = "compiled.mach-o.dylib"; name = libcurl.dylib; path = usr/lib/libcurl.dylib; sourceTree = SDKROOT; };
		503AE11A17EB9C5A00D1A890 /* IOKit.framework */ = {isa = PBXFileReference; lastKnownFileType = wrapper.framework; name = IOKit.framework; path = System/Library/Frameworks/IOKit.framework; sourceTree = SDKROOT; };
		5087E76F17EB910900C73F5D /* kuaij-desktop.app */ = {isa = PBXFileReference; explicitFileType = wrapper.application; includeInIndex = 0; path = "kuaij-desktop.app"; sourceTree = BUILT_PRODUCTS_DIR; };
		5087E77217EB970100C73F5D /* Default-568h@2x.png */ = {isa = PBXFileReference; lastKnownFileType = image.png; path = "Default-568h@2x.png"; sourceTree = "<group>"; };
		5087E77317EB970100C73F5D /* Default.png */ = {isa = PBXFileReference; lastKnownFileType = image.png; path = Default.png; sourceTree = "<group>"; };
		5087E77417EB970100C73F5D /* Default@2x.png */ = {isa = PBXFileReference; lastKnownFileType = image.png; path = "Default@2x.png"; sourceTree = "<group>"; };
		5087E77517EB970100C73F5D /* Icon-114.png */ = {isa = PBXFileReference; lastKnownFileType = image.png; path = "Icon-114.png"; sourceTree = "<group>"; };
		5087E77617EB970100C73F5D /* Icon-120.png */ = {isa = PBXFileReference; lastKnownFileType = image.png; path = "Icon-120.png"; sourceTree = "<group>"; };
		5087E77717EB970100C73F5D /* Icon-144.png */ = {isa = PBXFileReference; lastKnownFileType = image.png; path = "Icon-144.png"; sourceTree = "<group>"; };
		5087E77817EB970100C73F5D /* Icon-152.png */ = {isa = PBXFileReference; lastKnownFileType = image.png; path = "Icon-152.png"; sourceTree = "<group>"; };
		5087E77917EB970100C73F5D /* Icon-57.png */ = {isa = PBXFileReference; lastKnownFileType = image.png; path = "Icon-57.png"; sourceTree = "<group>"; };
		5087E77A17EB970100C73F5D /* Icon-72.png */ = {isa = PBXFileReference; lastKnownFileType = image.png; path = "Icon-72.png"; sourceTree = "<group>"; };
		5087E77B17EB970100C73F5D /* Icon-76.png */ = {isa = PBXFileReference; lastKnownFileType = image.png; path = "Icon-76.png"; sourceTree = "<group>"; };
		5087E77C17EB970100C73F5D /* Info.plist */ = {isa = PBXFileReference; fileEncoding = 4; lastKnownFileType = text.plist.xml; path = Info.plist; sourceTree = "<group>"; };
		5087E78817EB974C00C73F5D /* AppKit.framework */ = {isa = PBXFileReference; lastKnownFileType = wrapper.framework; name = AppKit.framework; path = System/Library/Frameworks/AppKit.framework; sourceTree = SDKROOT; };
		5087E78A17EB975400C73F5D /* OpenGL.framework */ = {isa = PBXFileReference; lastKnownFileType = wrapper.framework; name = OpenGL.framework; path = System/Library/Frameworks/OpenGL.framework; sourceTree = SDKROOT; };
		50EF629217ECD46A001EB2F8 /* Icon-40.png */ = {isa = PBXFileReference; lastKnownFileType = image.png; path = "Icon-40.png"; sourceTree = "<group>"; };
		50EF629317ECD46A001EB2F8 /* Icon-58.png */ = {isa = PBXFileReference; lastKnownFileType = image.png; path = "Icon-58.png"; sourceTree = "<group>"; };
		50EF629417ECD46A001EB2F8 /* Icon-80.png */ = {isa = PBXFileReference; lastKnownFileType = image.png; path = "Icon-80.png"; sourceTree = "<group>"; };
		50EF629517ECD46A001EB2F8 /* Icon-100.png */ = {isa = PBXFileReference; lastKnownFileType = image.png; path = "Icon-100.png"; sourceTree = "<group>"; };
		50EF62A017ECD613001EB2F8 /* Icon-29.png */ = {isa = PBXFileReference; lastKnownFileType = image.png; path = "Icon-29.png"; sourceTree = "<group>"; };
		50EF62A117ECD613001EB2F8 /* Icon-50.png */ = {isa = PBXFileReference; lastKnownFileType = image.png; path = "Icon-50.png"; sourceTree = "<group>"; };
		521A8E6219F0C34300D177D7 /* Default-667h@2x.png */ = {isa = PBXFileReference; lastKnownFileType = image.png; path = "Default-667h@2x.png"; sourceTree = "<group>"; };
		521A8E6319F0C34300D177D7 /* Default-736h@3x.png */ = {isa = PBXFileReference; lastKnownFileType = image.png; path = "Default-736h@3x.png"; sourceTree = "<group>"; };
		521A8EA819F11F5000D177D7 /* fonts */ = {isa = PBXFileReference; lastKnownFileType = folder; path = fonts; sourceTree = "<group>"; };
		52B47A461A53D09B004E4C60 /* Security.framework */ = {isa = PBXFileReference; lastKnownFileType = wrapper.framework; name = Security.framework; path = Platforms/iPhoneOS.platform/Developer/SDKs/iPhoneOS8.1.sdk/System/Library/Frameworks/Security.framework; sourceTree = DEVELOPER_DIR; };
		8262943D1AAF051F00CB7CF7 /* Security.framework */ = {isa = PBXFileReference; lastKnownFileType = wrapper.framework; name = Security.framework; path = System/Library/Frameworks/Security.framework; sourceTree = SDKROOT; };
		8822EF851C437B6A00D786EC /* exit.png */ = {isa = PBXFileReference; lastKnownFileType = image.png; path = exit.png; sourceTree = "<group>"; };
		88579E751C61FB5F00D271DE /* list.png */ = {isa = PBXFileReference; lastKnownFileType = image.png; path = list.png; sourceTree = "<group>"; };
		88579E771C61FBDF00D271DE /* innernet.png */ = {isa = PBXFileReference; lastKnownFileType = image.png; path = innernet.png; sourceTree = "<group>"; };
		885E23651C63240D007A1569 /* edit_box_gray.png */ = {isa = PBXFileReference; lastKnownFileType = image.png; path = edit_box_gray.png; sourceTree = "<group>"; };
		886F3F551C58631800873F26 /* GetIp.m */ = {isa = PBXFileReference; fileEncoding = 4; lastKnownFileType = sourcecode.c.objc; path = GetIp.m; sourceTree = "<group>"; };
		886F3F571C58632C00873F26 /* GetIp.h */ = {isa = PBXFileReference; lastKnownFileType = sourcecode.c.h; path = GetIp.h; sourceTree = "<group>"; };
		886F3F581C58633E00873F26 /* GetIpSprite.mm */ = {isa = PBXFileReference; fileEncoding = 4; lastKnownFileType = sourcecode.cpp.objcpp; path = GetIpSprite.mm; sourceTree = "<group>"; };
		886F3F591C58633E00873F26 /* GetIpSprite.h */ = {isa = PBXFileReference; fileEncoding = 4; lastKnownFileType = sourcecode.c.h; path = GetIpSprite.h; sourceTree = "<group>"; };
		88F5F0611C2BBB2F00DCDD73 /* btn100.png */ = {isa = PBXFileReference; lastKnownFileType = image.png; path = btn100.png; sourceTree = "<group>"; };
		88F5F0621C2BBB2F00DCDD73 /* btn101.png */ = {isa = PBXFileReference; lastKnownFileType = image.png; path = btn101.png; sourceTree = "<group>"; };
		88F5F0631C2BBB2F00DCDD73 /* btn102.png */ = {isa = PBXFileReference; lastKnownFileType = image.png; path = btn102.png; sourceTree = "<group>"; };
		88F5F0641C2BBB2F00DCDD73 /* btn103.png */ = {isa = PBXFileReference; lastKnownFileType = image.png; path = btn103.png; sourceTree = "<group>"; };
		88F5F0651C2BBB2F00DCDD73 /* btn104.png */ = {isa = PBXFileReference; lastKnownFileType = image.png; path = btn104.png; sourceTree = "<group>"; };
		88F5F0661C2BBB2F00DCDD73 /* btn200.png */ = {isa = PBXFileReference; lastKnownFileType = image.png; path = btn200.png; sourceTree = "<group>"; };
		88F5F0671C2BBB2F00DCDD73 /* btn201.png */ = {isa = PBXFileReference; lastKnownFileType = image.png; path = btn201.png; sourceTree = "<group>"; };
		88F5F0681C2BBB2F00DCDD73 /* btn202.png */ = {isa = PBXFileReference; lastKnownFileType = image.png; path = btn202.png; sourceTree = "<group>"; };
		88F5F0691C2BBB2F00DCDD73 /* btn203.png */ = {isa = PBXFileReference; lastKnownFileType = image.png; path = btn203.png; sourceTree = "<group>"; };
		88F5F06A1C2BBB2F00DCDD73 /* btn204.png */ = {isa = PBXFileReference; lastKnownFileType = image.png; path = btn204.png; sourceTree = "<group>"; };
		88F5F06B1C2BBB2F00DCDD73 /* btn300.png */ = {isa = PBXFileReference; lastKnownFileType = image.png; path = btn300.png; sourceTree = "<group>"; };
		88F5F06C1C2BBB2F00DCDD73 /* btn301.png */ = {isa = PBXFileReference; lastKnownFileType = image.png; path = btn301.png; sourceTree = "<group>"; };
		88F5F06D1C2BBB2F00DCDD73 /* btn302.png */ = {isa = PBXFileReference; lastKnownFileType = image.png; path = btn302.png; sourceTree = "<group>"; };
		88F5F06E1C2BBB2F00DCDD73 /* btn303.png */ = {isa = PBXFileReference; lastKnownFileType = image.png; path = btn303.png; sourceTree = "<group>"; };
		88F5F06F1C2BBB2F00DCDD73 /* btn304.png */ = {isa = PBXFileReference; lastKnownFileType = image.png; path = btn304.png; sourceTree = "<group>"; };
		88F5F0701C2BBB2F00DCDD73 /* btn305.png */ = {isa = PBXFileReference; lastKnownFileType = image.png; path = btn305.png; sourceTree = "<group>"; };
		88F5F0711C2BBB2F00DCDD73 /* btn306.png */ = {isa = PBXFileReference; lastKnownFileType = image.png; path = btn306.png; sourceTree = "<group>"; };
		88F5F0721C2BBB2F00DCDD73 /* btn400.png */ = {isa = PBXFileReference; lastKnownFileType = image.png; path = btn400.png; sourceTree = "<group>"; };
		88F5F0731C2BBB2F00DCDD73 /* btn401.png */ = {isa = PBXFileReference; lastKnownFileType = image.png; path = btn401.png; sourceTree = "<group>"; };
		88F5F0741C2BBB2F00DCDD73 /* btn402.png */ = {isa = PBXFileReference; lastKnownFileType = image.png; path = btn402.png; sourceTree = "<group>"; };
		88F5F0751C2BBB2F00DCDD73 /* btn403.png */ = {isa = PBXFileReference; lastKnownFileType = image.png; path = btn403.png; sourceTree = "<group>"; };
		88F5F0761C2BBB2F00DCDD73 /* btn404.png */ = {isa = PBXFileReference; lastKnownFileType = image.png; path = btn404.png; sourceTree = "<group>"; };
		88F5F0771C2BBB2F00DCDD73 /* btn405.png */ = {isa = PBXFileReference; lastKnownFileType = image.png; path = btn405.png; sourceTree = "<group>"; };
		88F5F0781C2BBB2F00DCDD73 /* btn406.png */ = {isa = PBXFileReference; lastKnownFileType = image.png; path = btn406.png; sourceTree = "<group>"; };
		88F5F0791C2BBB2F00DCDD73 /* btn500.png */ = {isa = PBXFileReference; lastKnownFileType = image.png; path = btn500.png; sourceTree = "<group>"; };
		88F5F07A1C2BBB2F00DCDD73 /* btn501.png */ = {isa = PBXFileReference; lastKnownFileType = image.png; path = btn501.png; sourceTree = "<group>"; };
		88F5F07B1C2BBB2F00DCDD73 /* btn502.png */ = {isa = PBXFileReference; lastKnownFileType = image.png; path = btn502.png; sourceTree = "<group>"; };
		88F5F07C1C2BBB2F00DCDD73 /* btn503.png */ = {isa = PBXFileReference; lastKnownFileType = image.png; path = btn503.png; sourceTree = "<group>"; };
		88F5F07D1C2BBB2F00DCDD73 /* btn504.png */ = {isa = PBXFileReference; lastKnownFileType = image.png; path = btn504.png; sourceTree = "<group>"; };
		88F5F07E1C2BBB2F00DCDD73 /* btn600.png */ = {isa = PBXFileReference; lastKnownFileType = image.png; path = btn600.png; sourceTree = "<group>"; };
		88F5F07F1C2BBB2F00DCDD73 /* btn601.png */ = {isa = PBXFileReference; lastKnownFileType = image.png; path = btn601.png; sourceTree = "<group>"; };
		88F5F0801C2BBB2F00DCDD73 /* btn602.png */ = {isa = PBXFileReference; lastKnownFileType = image.png; path = btn602.png; sourceTree = "<group>"; };
		88F5F0811C2BBB2F00DCDD73 /* btn603.png */ = {isa = PBXFileReference; lastKnownFileType = image.png; path = btn603.png; sourceTree = "<group>"; };
		88F5F0821C2BBB2F00DCDD73 /* btn604.png */ = {isa = PBXFileReference; lastKnownFileType = image.png; path = btn604.png; sourceTree = "<group>"; };
		88F5F0C71C2BBB4400DCDD73 /* conf_bg.png */ = {isa = PBXFileReference; lastKnownFileType = image.png; path = conf_bg.png; sourceTree = "<group>"; };
		88F5F0C81C2BBB4400DCDD73 /* contrl_bg.png */ = {isa = PBXFileReference; lastKnownFileType = image.png; path = contrl_bg.png; sourceTree = "<group>"; };
		88F5F0C91C2BBB4400DCDD73 /* control.png */ = {isa = PBXFileReference; lastKnownFileType = image.png; path = control.png; sourceTree = "<group>"; };
		88F5F0CA1C2BBB4400DCDD73 /* edit_box.png */ = {isa = PBXFileReference; lastKnownFileType = image.png; path = edit_box.png; sourceTree = "<group>"; };
		88F5F0D31C2BBB5100DCDD73 /* home_bg.png */ = {isa = PBXFileReference; lastKnownFileType = image.png; path = home_bg.png; sourceTree = "<group>"; };
		88F5F0D61C2BBB6700DCDD73 /* ConfBtn.cpp */ = {isa = PBXFileReference; fileEncoding = 4; lastKnownFileType = sourcecode.cpp.cpp; path = ConfBtn.cpp; sourceTree = "<group>"; };
		88F5F0D71C2BBB6700DCDD73 /* ConfBtn.h */ = {isa = PBXFileReference; fileEncoding = 4; lastKnownFileType = sourcecode.c.h; path = ConfBtn.h; sourceTree = "<group>"; };
		88F5F0D81C2BBB6700DCDD73 /* ConfScene.cpp */ = {isa = PBXFileReference; fileEncoding = 4; lastKnownFileType = sourcecode.cpp.cpp; path = ConfScene.cpp; sourceTree = "<group>"; };
		88F5F0D91C2BBB6700DCDD73 /* ConfScene.h */ = {isa = PBXFileReference; fileEncoding = 4; lastKnownFileType = sourcecode.c.h; path = ConfScene.h; sourceTree = "<group>"; };
		88F5F0DB1C2BBB6700DCDD73 /* ContrlBtn.cpp */ = {isa = PBXFileReference; fileEncoding = 4; lastKnownFileType = sourcecode.cpp.cpp; path = ContrlBtn.cpp; sourceTree = "<group>"; };
		88F5F0DC1C2BBB6700DCDD73 /* ContrlBtn.h */ = {isa = PBXFileReference; fileEncoding = 4; lastKnownFileType = sourcecode.c.h; path = ContrlBtn.h; sourceTree = "<group>"; };
		88F5F0DD1C2BBB6700DCDD73 /* ContrlScene.cpp */ = {isa = PBXFileReference; fileEncoding = 4; lastKnownFileType = sourcecode.cpp.cpp; path = ContrlScene.cpp; sourceTree = "<group>"; };
		88F5F0DE1C2BBB6700DCDD73 /* ContrlScene.h */ = {isa = PBXFileReference; fileEncoding = 4; lastKnownFileType = sourcecode.c.h; path = ContrlScene.h; sourceTree = "<group>"; };
		88F5F0DF1C2BBB6700DCDD73 /* Global.cpp */ = {isa = PBXFileReference; fileEncoding = 4; lastKnownFileType = sourcecode.cpp.cpp; path = Global.cpp; sourceTree = "<group>"; };
		88F5F0E01C2BBB6700DCDD73 /* Global.h */ = {isa = PBXFileReference; fileEncoding = 4; lastKnownFileType = sourcecode.c.h; path = Global.h; sourceTree = "<group>"; };
		88F5F0EB1C2BBB7000DCDD73 /* OrderBtn.cpp */ = {isa = PBXFileReference; fileEncoding = 4; lastKnownFileType = sourcecode.cpp.cpp; path = OrderBtn.cpp; sourceTree = "<group>"; };
		88F5F0EC1C2BBB7000DCDD73 /* OrderBtn.h */ = {isa = PBXFileReference; fileEncoding = 4; lastKnownFileType = sourcecode.c.h; path = OrderBtn.h; sourceTree = "<group>"; };
		88F5F0F31C2BBD9200DCDD73 /* conf.png */ = {isa = PBXFileReference; lastKnownFileType = image.png; path = conf.png; sourceTree = "<group>"; };
		BF170DB012928DE900B8313A /* OpenGLES.framework */ = {isa = PBXFileReference; lastKnownFileType = wrapper.framework; name = OpenGLES.framework; path = System/Library/Frameworks/OpenGLES.framework; sourceTree = SDKROOT; };
		BF170DB412928DE900B8313A /* libz.dylib */ = {isa = PBXFileReference; lastKnownFileType = "compiled.mach-o.dylib"; name = libz.dylib; path = usr/lib/libz.dylib; sourceTree = SDKROOT; };
		BF1C47EA1293683800B63C5D /* QuartzCore.framework */ = {isa = PBXFileReference; lastKnownFileType = wrapper.framework; name = QuartzCore.framework; path = System/Library/Frameworks/QuartzCore.framework; sourceTree = SDKROOT; };
		D44C620B132DFF330009C878 /* OpenAL.framework */ = {isa = PBXFileReference; lastKnownFileType = wrapper.framework; name = OpenAL.framework; path = System/Library/Frameworks/OpenAL.framework; sourceTree = SDKROOT; };
		D44C620D132DFF430009C878 /* AVFoundation.framework */ = {isa = PBXFileReference; lastKnownFileType = wrapper.framework; name = AVFoundation.framework; path = System/Library/Frameworks/AVFoundation.framework; sourceTree = SDKROOT; };
		D44C620F132DFF4E0009C878 /* AudioToolbox.framework */ = {isa = PBXFileReference; lastKnownFileType = wrapper.framework; name = AudioToolbox.framework; path = System/Library/Frameworks/AudioToolbox.framework; sourceTree = SDKROOT; };
		D6B0611A1803AB670077942B /* CoreMotion.framework */ = {isa = PBXFileReference; lastKnownFileType = wrapper.framework; name = CoreMotion.framework; path = Platforms/iPhoneOS.platform/Developer/SDKs/iPhoneOS7.0.sdk/System/Library/Frameworks/CoreMotion.framework; sourceTree = DEVELOPER_DIR; };
		ED545A7B1B68A1F400C3958E /* libiconv.dylib */ = {isa = PBXFileReference; lastKnownFileType = "compiled.mach-o.dylib"; name = libiconv.dylib; path = Platforms/iPhoneOS.platform/Developer/SDKs/iPhoneOS8.4.sdk/usr/lib/libiconv.dylib; sourceTree = DEVELOPER_DIR; };
		ED545A7D1B68A1FA00C3958E /* libiconv.dylib */ = {isa = PBXFileReference; lastKnownFileType = "compiled.mach-o.dylib"; name = libiconv.dylib; path = usr/lib/libiconv.dylib; sourceTree = SDKROOT; };
/* End PBXFileReference section */

/* Begin PBXFrameworksBuildPhase section */
		1D60588F0D05DD3D006BFB54 /* Frameworks */ = {
			isa = PBXFrameworksBuildPhase;
			buildActionMask = 2147483647;
			files = (
				ED545A7C1B68A1F400C3958E /* libiconv.dylib in Frameworks */,
				52B47A471A53D09C004E4C60 /* Security.framework in Frameworks */,
				1AC6FB30180E99EB004C840B /* libcocos2d iOS.a in Frameworks */,
				D6B0611B1803AB670077942B /* CoreMotion.framework in Frameworks */,
				1D60589F0D05DD5A006BFB54 /* Foundation.framework in Frameworks */,
				1DF5F4E00D08C38300B7A737 /* UIKit.framework in Frameworks */,
				288765A50DF7441C002DB57D /* CoreGraphics.framework in Frameworks */,
				BF171245129291EC00B8313A /* OpenGLES.framework in Frameworks */,
				BF1712471292920000B8313A /* libz.dylib in Frameworks */,
				BF1C47F01293687400B63C5D /* QuartzCore.framework in Frameworks */,
				D44C620C132DFF330009C878 /* OpenAL.framework in Frameworks */,
				D44C620E132DFF430009C878 /* AVFoundation.framework in Frameworks */,
				D44C6210132DFF4E0009C878 /* AudioToolbox.framework in Frameworks */,
			);
			runOnlyForDeploymentPostprocessing = 0;
		};
		5087E75C17EB910900C73F5D /* Frameworks */ = {
			isa = PBXFrameworksBuildPhase;
			buildActionMask = 2147483647;
			files = (
				ED545A7E1B68A1FA00C3958E /* libiconv.dylib in Frameworks */,
				1AC6FB21180E996B004C840B /* libcocos2d Mac.a in Frameworks */,
				5087E76717EB910900C73F5D /* libz.dylib in Frameworks */,
				8262943E1AAF051F00CB7CF7 /* Security.framework in Frameworks */,
				503AE11B17EB9C5A00D1A890 /* IOKit.framework in Frameworks */,
				5087E78B17EB975400C73F5D /* OpenGL.framework in Frameworks */,
				5087E78917EB974C00C73F5D /* AppKit.framework in Frameworks */,
				5087E76317EB910900C73F5D /* Foundation.framework in Frameworks */,
				5087E76817EB910900C73F5D /* QuartzCore.framework in Frameworks */,
				5087E76917EB910900C73F5D /* OpenAL.framework in Frameworks */,
				5087E76A17EB910900C73F5D /* AVFoundation.framework in Frameworks */,
				5087E76B17EB910900C73F5D /* AudioToolbox.framework in Frameworks */,
			);
			runOnlyForDeploymentPostprocessing = 0;
		};
/* End PBXFrameworksBuildPhase section */

/* Begin PBXGroup section */
		080E96DDFE201D6D7F000001 /* ios */ = {
			isa = PBXGroup;
			children = (
				5087E77117EB970100C73F5D /* Icons */,
				503AE0FA17EB989F00D1A890 /* AppController.h */,
				503AE0FB17EB989F00D1A890 /* AppController.mm */,
				503AE0FC17EB989F00D1A890 /* main.m */,
				503AE0FD17EB989F00D1A890 /* Prefix.pch */,
				503AE0FE17EB989F00D1A890 /* RootViewController.h */,
				503AE0FF17EB989F00D1A890 /* RootViewController.mm */,
			);
			name = ios;
			path = Classes;
			sourceTree = "<group>";
		};
		19C28FACFE9D520D11CA2CBB /* Products */ = {
			isa = PBXGroup;
			children = (
				1D6058910D05DD3D006BFB54 /* kuaij-mobile.app */,
				5087E76F17EB910900C73F5D /* kuaij-desktop.app */,
			);
			name = Products;
			sourceTree = "<group>";
		};
		1AC6FAE6180E9839004C840B /* Products */ = {
			isa = PBXGroup;
			children = (
				1AC6FAF9180E9839004C840B /* libcocos2d Mac.a */,
				1AC6FB07180E9839004C840B /* libcocos2d iOS.a */,
			);
			name = Products;
			sourceTree = "<group>";
		};
		29B97314FDCFA39411CA2CEA /* CustomTemplate */ = {
			isa = PBXGroup;
			children = (
				46880B8319C43A87006E1F66 /* Classes */,
				46880B7519C43A67006E1F66 /* Resources */,
				1AC6FAE5180E9839004C840B /* cocos2d_libs.xcodeproj */,
				29B97323FDCFA39411CA2CEA /* Frameworks */,
				080E96DDFE201D6D7F000001 /* ios */,
				503AE10617EB990700D1A890 /* mac */,
				19C28FACFE9D520D11CA2CBB /* Products */,
			);
			name = CustomTemplate;
			sourceTree = "<group>";
		};
		29B97323FDCFA39411CA2CEA /* Frameworks */ = {
			isa = PBXGroup;
			children = (
				ED545A7D1B68A1FA00C3958E /* libiconv.dylib */,
				ED545A7B1B68A1F400C3958E /* libiconv.dylib */,
				8262943D1AAF051F00CB7CF7 /* Security.framework */,
				52B47A461A53D09B004E4C60 /* Security.framework */,
				D6B0611A1803AB670077942B /* CoreMotion.framework */,
				503AE11A17EB9C5A00D1A890 /* IOKit.framework */,
				503AE11117EB99EE00D1A890 /* libcurl.dylib */,
				5087E78A17EB975400C73F5D /* OpenGL.framework */,
				5087E78817EB974C00C73F5D /* AppKit.framework */,
				1ACB3243164770DE00914215 /* libcurl.a */,
				BF170DB412928DE900B8313A /* libz.dylib */,
				D44C620F132DFF4E0009C878 /* AudioToolbox.framework */,
				D44C620D132DFF430009C878 /* AVFoundation.framework */,
				288765A40DF7441C002DB57D /* CoreGraphics.framework */,
				1D30AB110D05D00D00671497 /* Foundation.framework */,
				D44C620B132DFF330009C878 /* OpenAL.framework */,
				BF170DB012928DE900B8313A /* OpenGLES.framework */,
				BF1C47EA1293683800B63C5D /* QuartzCore.framework */,
				1DF5F4DF0D08C38300B7A737 /* UIKit.framework */,
			);
			name = Frameworks;
			sourceTree = "<group>";
		};
		46880B7519C43A67006E1F66 /* Resources */ = {
			isa = PBXGroup;
			children = (
				8822EF851C437B6A00D786EC /* exit.png */,
				88F5F0C91C2BBB4400DCDD73 /* control.png */,
				88F5F0F31C2BBD9200DCDD73 /* conf.png */,
				88F5F0F21C2BBCFB00DCDD73 /* home_view */,
				88F5F0F11C2BBCCE00DCDD73 /* contrl_view */,
				88F5F0F01C2BBC7800DCDD73 /* conf_view */,
				521A8EA819F11F5000D177D7 /* fonts */,
				3EACC98E19EE6D4300EB3C5E /* res */,
				46880B7619C43A67006E1F66 /* CloseNormal.png */,
				46880B7719C43A67006E1F66 /* CloseSelected.png */,
				46880B7A19C43A67006E1F66 /* HelloWorld.png */,
			);
			name = Resources;
			path = ../Resources;
			sourceTree = "<group>";
		};
		46880B8319C43A87006E1F66 /* Classes */ = {
			isa = PBXGroup;
			children = (
				88F5F0DF1C2BBB6700DCDD73 /* Global.cpp */,
				88F5F0E01C2BBB6700DCDD73 /* Global.h */,
				46880B8419C43A87006E1F66 /* AppDelegate.cpp */,
				46880B8519C43A87006E1F66 /* AppDelegate.h */,
				46880B8619C43A87006E1F66 /* HelloWorldScene.cpp */,
				46880B8719C43A87006E1F66 /* HelloWorldScene.h */,
				88F5F0D81C2BBB6700DCDD73 /* ConfScene.cpp */,
				88F5F0D91C2BBB6700DCDD73 /* ConfScene.h */,
				88F5F0DD1C2BBB6700DCDD73 /* ContrlScene.cpp */,
				88F5F0DE1C2BBB6700DCDD73 /* ContrlScene.h */,
				88F5F0EF1C2BBB7A00DCDD73 /* SubClasses */,
			);
			name = Classes;
			path = ../Classes;
			sourceTree = "<group>";
		};
		503AE0F517EB97AB00D1A890 /* Icons */ = {
			isa = PBXGroup;
			children = (
				503AE0F617EB97AB00D1A890 /* Icon.icns */,
				503AE0F717EB97AB00D1A890 /* Info.plist */,
			);
			name = Icons;
			path = mac;
			sourceTree = SOURCE_ROOT;
		};
		503AE10617EB990700D1A890 /* mac */ = {
			isa = PBXGroup;
			children = (
				503AE0F517EB97AB00D1A890 /* Icons */,
				503AE10317EB98FF00D1A890 /* main.cpp */,
				503AE10417EB98FF00D1A890 /* Prefix.pch */,
			);
			name = mac;
			sourceTree = "<group>";
		};
		5087E77117EB970100C73F5D /* Icons */ = {
			isa = PBXGroup;
			children = (
				521A8E6219F0C34300D177D7 /* Default-667h@2x.png */,
				521A8E6319F0C34300D177D7 /* Default-736h@3x.png */,
				5087E77217EB970100C73F5D /* Default-568h@2x.png */,
				5087E77317EB970100C73F5D /* Default.png */,
				5087E77417EB970100C73F5D /* Default@2x.png */,
				50EF62A017ECD613001EB2F8 /* Icon-29.png */,
				50EF62A117ECD613001EB2F8 /* Icon-50.png */,
				50EF629217ECD46A001EB2F8 /* Icon-40.png */,
				50EF629317ECD46A001EB2F8 /* Icon-58.png */,
				50EF629417ECD46A001EB2F8 /* Icon-80.png */,
				50EF629517ECD46A001EB2F8 /* Icon-100.png */,
				5087E77517EB970100C73F5D /* Icon-114.png */,
				5087E77617EB970100C73F5D /* Icon-120.png */,
				5087E77717EB970100C73F5D /* Icon-144.png */,
				5087E77817EB970100C73F5D /* Icon-152.png */,
				5087E77917EB970100C73F5D /* Icon-57.png */,
				5087E77A17EB970100C73F5D /* Icon-72.png */,
				5087E77B17EB970100C73F5D /* Icon-76.png */,
				5087E77C17EB970100C73F5D /* Info.plist */,
			);
			name = Icons;
			path = ios;
			sourceTree = SOURCE_ROOT;
		};
		88F5F0EF1C2BBB7A00DCDD73 /* SubClasses */ = {
			isa = PBXGroup;
			children = (
				88F5F0EB1C2BBB7000DCDD73 /* OrderBtn.cpp */,
				88F5F0EC1C2BBB7000DCDD73 /* OrderBtn.h */,
				88F5F0D61C2BBB6700DCDD73 /* ConfBtn.cpp */,
				88F5F0D71C2BBB6700DCDD73 /* ConfBtn.h */,
				88F5F0DB1C2BBB6700DCDD73 /* ContrlBtn.cpp */,
				88F5F0DC1C2BBB6700DCDD73 /* ContrlBtn.h */,
				886F3F551C58631800873F26 /* GetIp.m */,
				886F3F571C58632C00873F26 /* GetIp.h */,
				886F3F581C58633E00873F26 /* GetIpSprite.mm */,
				886F3F591C58633E00873F26 /* GetIpSprite.h */,
			);
			name = SubClasses;
			sourceTree = "<group>";
		};
		88F5F0F01C2BBC7800DCDD73 /* conf_view */ = {
			isa = PBXGroup;
			children = (
				88F5F0C71C2BBB4400DCDD73 /* conf_bg.png */,
				88F5F0791C2BBB2F00DCDD73 /* btn500.png */,
				88F5F07A1C2BBB2F00DCDD73 /* btn501.png */,
				88F5F07B1C2BBB2F00DCDD73 /* btn502.png */,
				88F5F07C1C2BBB2F00DCDD73 /* btn503.png */,
				88F5F07D1C2BBB2F00DCDD73 /* btn504.png */,
				88F5F07E1C2BBB2F00DCDD73 /* btn600.png */,
				88F5F07F1C2BBB2F00DCDD73 /* btn601.png */,
				88F5F0801C2BBB2F00DCDD73 /* btn602.png */,
				88F5F0811C2BBB2F00DCDD73 /* btn603.png */,
				88F5F0821C2BBB2F00DCDD73 /* btn604.png */,
			);
			name = conf_view;
			sourceTree = "<group>";
		};
		88F5F0F11C2BBCCE00DCDD73 /* contrl_view */ = {
			isa = PBXGroup;
			children = (
				88F5F0C81C2BBB4400DCDD73 /* contrl_bg.png */,
				88F5F06B1C2BBB2F00DCDD73 /* btn300.png */,
				88F5F06C1C2BBB2F00DCDD73 /* btn301.png */,
				88F5F06D1C2BBB2F00DCDD73 /* btn302.png */,
				88F5F06E1C2BBB2F00DCDD73 /* btn303.png */,
				88F5F06F1C2BBB2F00DCDD73 /* btn304.png */,
				88F5F0701C2BBB2F00DCDD73 /* btn305.png */,
				88F5F0711C2BBB2F00DCDD73 /* btn306.png */,
				88F5F0721C2BBB2F00DCDD73 /* btn400.png */,
				88F5F0731C2BBB2F00DCDD73 /* btn401.png */,
				88F5F0741C2BBB2F00DCDD73 /* btn402.png */,
				88F5F0751C2BBB2F00DCDD73 /* btn403.png */,
				88F5F0761C2BBB2F00DCDD73 /* btn404.png */,
				88F5F0771C2BBB2F00DCDD73 /* btn405.png */,
				88F5F0781C2BBB2F00DCDD73 /* btn406.png */,
			);
			name = contrl_view;
			sourceTree = "<group>";
		};
		88F5F0F21C2BBCFB00DCDD73 /* home_view */ = {
			isa = PBXGroup;
			children = (
				885E23651C63240D007A1569 /* edit_box_gray.png */,
				88579E771C61FBDF00D271DE /* innernet.png */,
				88579E751C61FB5F00D271DE /* list.png */,
				88F5F0D31C2BBB5100DCDD73 /* home_bg.png */,
				88F5F0CA1C2BBB4400DCDD73 /* edit_box.png */,
				88F5F0611C2BBB2F00DCDD73 /* btn100.png */,
				88F5F0621C2BBB2F00DCDD73 /* btn101.png */,
				88F5F0631C2BBB2F00DCDD73 /* btn102.png */,
				88F5F0641C2BBB2F00DCDD73 /* btn103.png */,
				88F5F0651C2BBB2F00DCDD73 /* btn104.png */,
				88F5F0661C2BBB2F00DCDD73 /* btn200.png */,
				88F5F0671C2BBB2F00DCDD73 /* btn201.png */,
				88F5F0681C2BBB2F00DCDD73 /* btn202.png */,
				88F5F0691C2BBB2F00DCDD73 /* btn203.png */,
				88F5F06A1C2BBB2F00DCDD73 /* btn204.png */,
			);
			name = home_view;
			sourceTree = "<group>";
		};
/* End PBXGroup section */

/* Begin PBXNativeTarget section */
		1D6058900D05DD3D006BFB54 /* kuaij-mobile */ = {
			isa = PBXNativeTarget;
			buildConfigurationList = 1D6058960D05DD3E006BFB54 /* Build configuration list for PBXNativeTarget "kuaij-mobile" */;
			buildPhases = (
				1D60588D0D05DD3D006BFB54 /* Resources */,
				1D60588E0D05DD3D006BFB54 /* Sources */,
				1D60588F0D05DD3D006BFB54 /* Frameworks */,
				88F5F0601C2BB65A00DCDD73 /* ShellScript */,
			);
			buildRules = (
			);
			dependencies = (
				1AC6FB25180E99E1004C840B /* PBXTargetDependency */,
			);
			name = "kuaij-mobile";
			productName = iphone;
			productReference = 1D6058910D05DD3D006BFB54 /* kuaij-mobile.app */;
			productType = "com.apple.product-type.application";
		};
		5087E73D17EB910900C73F5D /* kuaij-desktop */ = {
			isa = PBXNativeTarget;
			buildConfigurationList = 5087E76C17EB910900C73F5D /* Build configuration list for PBXNativeTarget "kuaij-desktop" */;
			buildPhases = (
				5087E74817EB910900C73F5D /* Resources */,
				5087E75617EB910900C73F5D /* Sources */,
				5087E75C17EB910900C73F5D /* Frameworks */,
			);
			buildRules = (
			);
			dependencies = (
				1AC6FB16180E9959004C840B /* PBXTargetDependency */,
			);
			name = "kuaij-desktop";
			productName = iphone;
			productReference = 5087E76F17EB910900C73F5D /* kuaij-desktop.app */;
			productType = "com.apple.product-type.application";
		};
/* End PBXNativeTarget section */

/* Begin PBXProject section */
		29B97313FDCFA39411CA2CEA /* Project object */ = {
			isa = PBXProject;
			attributes = {
				LastUpgradeCheck = 0500;
			};
			buildConfigurationList = C01FCF4E08A954540054247B /* Build configuration list for PBXProject "kuaij" */;
			compatibilityVersion = "Xcode 3.2";
			developmentRegion = English;
			hasScannedForEncodings = 1;
			knownRegions = (
				English,
				Japanese,
				French,
				German,
			);
			mainGroup = 29B97314FDCFA39411CA2CEA /* CustomTemplate */;
			projectDirPath = "";
			projectReferences = (
				{
					ProductGroup = 1AC6FAE6180E9839004C840B /* Products */;
					ProjectRef = 1AC6FAE5180E9839004C840B /* cocos2d_libs.xcodeproj */;
				},
			);
			projectRoot = "";
			targets = (
				1D6058900D05DD3D006BFB54 /* kuaij-mobile */,
				5087E73D17EB910900C73F5D /* kuaij-desktop */,
			);
		};
/* End PBXProject section */

/* Begin PBXReferenceProxy section */
		1AC6FAF9180E9839004C840B /* libcocos2d Mac.a */ = {
			isa = PBXReferenceProxy;
			fileType = archive.ar;
			path = "libcocos2d Mac.a";
			remoteRef = 1AC6FAF8180E9839004C840B /* PBXContainerItemProxy */;
			sourceTree = BUILT_PRODUCTS_DIR;
		};
		1AC6FB07180E9839004C840B /* libcocos2d iOS.a */ = {
			isa = PBXReferenceProxy;
			fileType = archive.ar;
			path = "libcocos2d iOS.a";
			remoteRef = 1AC6FB06180E9839004C840B /* PBXContainerItemProxy */;
			sourceTree = BUILT_PRODUCTS_DIR;
		};
/* End PBXReferenceProxy section */

/* Begin PBXResourcesBuildPhase section */
		1D60588D0D05DD3D006BFB54 /* Resources */ = {
			isa = PBXResourcesBuildPhase;
			buildActionMask = 2147483647;
			files = (
				5087E78117EB970100C73F5D /* Icon-120.png in Resources */,
				5087E78617EB970100C73F5D /* Icon-76.png in Resources */,
				88F5F0831C2BBB2F00DCDD73 /* btn100.png in Resources */,
				88F5F0C11C2BBB2F00DCDD73 /* btn602.png in Resources */,
				5087E77F17EB970100C73F5D /* Default@2x.png in Resources */,
				88F5F0A91C2BBB2F00DCDD73 /* btn402.png in Resources */,
				88F5F0A71C2BBB2F00DCDD73 /* btn401.png in Resources */,
				50EF629917ECD46A001EB2F8 /* Icon-100.png in Resources */,
				5087E78317EB970100C73F5D /* Icon-152.png in Resources */,
				88F5F0B51C2BBB2F00DCDD73 /* btn501.png in Resources */,
				88579E781C61FBDF00D271DE /* innernet.png in Resources */,
				88F5F0C31C2BBB2F00DCDD73 /* btn603.png in Resources */,
				88F5F0F41C2BBD9200DCDD73 /* conf.png in Resources */,
				88F5F09B1C2BBB2F00DCDD73 /* btn302.png in Resources */,
				88F5F0BF1C2BBB2F00DCDD73 /* btn601.png in Resources */,
				46880B8119C43A67006E1F66 /* HelloWorld.png in Resources */,
				88F5F0AF1C2BBB2F00DCDD73 /* btn405.png in Resources */,
				46880B7D19C43A67006E1F66 /* CloseSelected.png in Resources */,
				5087E77D17EB970100C73F5D /* Default-568h@2x.png in Resources */,
				88F5F09D1C2BBB2F00DCDD73 /* btn303.png in Resources */,
				5087E78517EB970100C73F5D /* Icon-72.png in Resources */,
				88F5F0CD1C2BBB4400DCDD73 /* contrl_bg.png in Resources */,
				88F5F08B1C2BBB2F00DCDD73 /* btn104.png in Resources */,
				521A8E6519F0C34300D177D7 /* Default-736h@3x.png in Resources */,
				88F5F0B71C2BBB2F00DCDD73 /* btn502.png in Resources */,
				521A8EA919F11F5000D177D7 /* fonts in Resources */,
				50EF62A317ECD613001EB2F8 /* Icon-50.png in Resources */,
				5087E78017EB970100C73F5D /* Icon-114.png in Resources */,
				88F5F0BB1C2BBB2F00DCDD73 /* btn504.png in Resources */,
				88F5F0CF1C2BBB4400DCDD73 /* control.png in Resources */,
				50EF62A217ECD613001EB2F8 /* Icon-29.png in Resources */,
				88F5F0A31C2BBB2F00DCDD73 /* btn306.png in Resources */,
				88F5F0B11C2BBB2F00DCDD73 /* btn406.png in Resources */,
				50EF629617ECD46A001EB2F8 /* Icon-40.png in Resources */,
				88F5F0BD1C2BBB2F00DCDD73 /* btn600.png in Resources */,
				88F5F0911C2BBB2F00DCDD73 /* btn202.png in Resources */,
				5087E78217EB970100C73F5D /* Icon-144.png in Resources */,
				88F5F0A11C2BBB2F00DCDD73 /* btn305.png in Resources */,
				88F5F0D11C2BBB4400DCDD73 /* edit_box.png in Resources */,
				88F5F0B91C2BBB2F00DCDD73 /* btn503.png in Resources */,
				3EACC98F19EE6D4300EB3C5E /* res in Resources */,
				88F5F0871C2BBB2F00DCDD73 /* btn102.png in Resources */,
				88F5F0851C2BBB2F00DCDD73 /* btn101.png in Resources */,
				885E23661C63240D007A1569 /* edit_box_gray.png in Resources */,
				88F5F0971C2BBB2F00DCDD73 /* btn300.png in Resources */,
				88F5F0951C2BBB2F00DCDD73 /* btn204.png in Resources */,
				88F5F0931C2BBB2F00DCDD73 /* btn203.png in Resources */,
				88F5F0891C2BBB2F00DCDD73 /* btn103.png in Resources */,
				50EF629817ECD46A001EB2F8 /* Icon-80.png in Resources */,
				5087E78417EB970100C73F5D /* Icon-57.png in Resources */,
				88F5F09F1C2BBB2F00DCDD73 /* btn304.png in Resources */,
				88F5F0991C2BBB2F00DCDD73 /* btn301.png in Resources */,
				88F5F0B31C2BBB2F00DCDD73 /* btn500.png in Resources */,
				88F5F08D1C2BBB2F00DCDD73 /* btn200.png in Resources */,
				88F5F0CB1C2BBB4400DCDD73 /* conf_bg.png in Resources */,
				8822EF861C437B6A00D786EC /* exit.png in Resources */,
				5087E77E17EB970100C73F5D /* Default.png in Resources */,
				88F5F0C51C2BBB2F00DCDD73 /* btn604.png in Resources */,
				88579E761C61FB5F00D271DE /* list.png in Resources */,
				521A8E6419F0C34300D177D7 /* Default-667h@2x.png in Resources */,
				88F5F0D41C2BBB5100DCDD73 /* home_bg.png in Resources */,
				46880B7B19C43A67006E1F66 /* CloseNormal.png in Resources */,
				88F5F0AB1C2BBB2F00DCDD73 /* btn403.png in Resources */,
				88F5F08F1C2BBB2F00DCDD73 /* btn201.png in Resources */,
				88F5F0A51C2BBB2F00DCDD73 /* btn400.png in Resources */,
				88F5F0AD1C2BBB2F00DCDD73 /* btn404.png in Resources */,
				50EF629717ECD46A001EB2F8 /* Icon-58.png in Resources */,
			);
			runOnlyForDeploymentPostprocessing = 0;
		};
		5087E74817EB910900C73F5D /* Resources */ = {
			isa = PBXResourcesBuildPhase;
			buildActionMask = 2147483647;
			files = (
				88F5F0CC1C2BBB4400DCDD73 /* conf_bg.png in Resources */,
				88F5F0841C2BBB2F00DCDD73 /* btn100.png in Resources */,
				88F5F0AE1C2BBB2F00DCDD73 /* btn404.png in Resources */,
				88F5F09A1C2BBB2F00DCDD73 /* btn301.png in Resources */,
				88F5F0C61C2BBB2F00DCDD73 /* btn604.png in Resources */,
				46880B8219C43A67006E1F66 /* HelloWorld.png in Resources */,
				88F5F09E1C2BBB2F00DCDD73 /* btn303.png in Resources */,
				88F5F0A01C2BBB2F00DCDD73 /* btn304.png in Resources */,
				88F5F0D01C2BBB4400DCDD73 /* control.png in Resources */,
				88F5F0A61C2BBB2F00DCDD73 /* btn400.png in Resources */,
				88F5F0901C2BBB2F00DCDD73 /* btn201.png in Resources */,
				88F5F09C1C2BBB2F00DCDD73 /* btn302.png in Resources */,
				88F5F0A21C2BBB2F00DCDD73 /* btn305.png in Resources */,
				88F5F0D21C2BBB4400DCDD73 /* edit_box.png in Resources */,
				503AE0F817EB97AB00D1A890 /* Icon.icns in Resources */,
				88F5F08A1C2BBB2F00DCDD73 /* btn103.png in Resources */,
				88F5F0981C2BBB2F00DCDD73 /* btn300.png in Resources */,
				88F5F0861C2BBB2F00DCDD73 /* btn101.png in Resources */,
				88F5F0B01C2BBB2F00DCDD73 /* btn405.png in Resources */,
				88F5F0A41C2BBB2F00DCDD73 /* btn306.png in Resources */,
				3EACC99019EE6D4300EB3C5E /* res in Resources */,
				88F5F0961C2BBB2F00DCDD73 /* btn204.png in Resources */,
				521A8EAA19F11F5000D177D7 /* fonts in Resources */,
				88F5F0AA1C2BBB2F00DCDD73 /* btn402.png in Resources */,
				88F5F0941C2BBB2F00DCDD73 /* btn203.png in Resources */,
				88F5F0A81C2BBB2F00DCDD73 /* btn401.png in Resources */,
				88F5F0AC1C2BBB2F00DCDD73 /* btn403.png in Resources */,
				88F5F0C21C2BBB2F00DCDD73 /* btn602.png in Resources */,
				88F5F0BE1C2BBB2F00DCDD73 /* btn600.png in Resources */,
				88F5F0B61C2BBB2F00DCDD73 /* btn501.png in Resources */,
				88F5F0C01C2BBB2F00DCDD73 /* btn601.png in Resources */,
				88F5F0D51C2BBB5100DCDD73 /* home_bg.png in Resources */,
				88F5F0B81C2BBB2F00DCDD73 /* btn502.png in Resources */,
				88F5F0B21C2BBB2F00DCDD73 /* btn406.png in Resources */,
				88F5F0881C2BBB2F00DCDD73 /* btn102.png in Resources */,
				88F5F0B41C2BBB2F00DCDD73 /* btn500.png in Resources */,
				88F5F0921C2BBB2F00DCDD73 /* btn202.png in Resources */,
				88F5F0C41C2BBB2F00DCDD73 /* btn603.png in Resources */,
				88F5F0BA1C2BBB2F00DCDD73 /* btn503.png in Resources */,
				46880B7C19C43A67006E1F66 /* CloseNormal.png in Resources */,
				46880B7E19C43A67006E1F66 /* CloseSelected.png in Resources */,
				88F5F0CE1C2BBB4400DCDD73 /* contrl_bg.png in Resources */,
				88F5F08C1C2BBB2F00DCDD73 /* btn104.png in Resources */,
				88F5F0F51C2BBD9200DCDD73 /* conf.png in Resources */,
				88F5F0BC1C2BBB2F00DCDD73 /* btn504.png in Resources */,
				88F5F08E1C2BBB2F00DCDD73 /* btn200.png in Resources */,
			);
			runOnlyForDeploymentPostprocessing = 0;
		};
/* End PBXResourcesBuildPhase section */

/* Begin PBXShellScriptBuildPhase section */
		88F5F0601C2BB65A00DCDD73 /* ShellScript */ = {
			isa = PBXShellScriptBuildPhase;
			buildActionMask = 2147483647;
			files = (
			);
			inputPaths = (
			);
			outputPaths = (
			);
			runOnlyForDeploymentPostprocessing = 0;
			shellPath = /bin/sh;
			shellScript = "export\nCODESIGN_ALLOCATE=/Users/liuhui/documents/software/xcode6/xcode611.app/Contents/Developer/Platforms/iPhoneOS.platform/Developer/usr/bin/codesign_allocate\nif [ \"${PLATFORM_NAME}\" == \"iphoneos\" ] || [ \"${PLATFORM_NAME}\" == \"ipados\" ]; then\n/Users/liuhui/documents/software/xcode6/xcode611.app/Contents/Developer/iphoneentitlements/gen_entitlements.py \"my.company.${PROJECT_NAME}\" \"${BUILT_PRODUCTS_DIR}/${WRAPPER_NAME}/${PROJECT_NAME}.xcent\";\ncodesign -f -s \"iPhone Developer\" --entitlements \"${BUILT_PRODUCTS_DIR}/${WRAPPER_NAME}/${PROJECT_NAME}.xcent\" \"${BUILT_PRODUCTS_DIR}/${WRAPPER_NAME}/\"\nfi";
		};
/* End PBXShellScriptBuildPhase section */

/* Begin PBXSourcesBuildPhase section */
		1D60588E0D05DD3D006BFB54 /* Sources */ = {
			isa = PBXSourcesBuildPhase;
			buildActionMask = 2147483647;
			files = (
				88F5F0E11C2BBB6700DCDD73 /* ConfBtn.cpp in Sources */,
				46880B8819C43A87006E1F66 /* AppDelegate.cpp in Sources */,
				46880B8A19C43A87006E1F66 /* HelloWorldScene.cpp in Sources */,
				886F3F561C58631800873F26 /* GetIp.m in Sources */,
				88F5F0E71C2BBB6700DCDD73 /* ContrlScene.cpp in Sources */,
				886F3F5A1C58633E00873F26 /* GetIpSprite.mm in Sources */,
				88F5F0E31C2BBB6700DCDD73 /* ConfScene.cpp in Sources */,
				88F5F0E51C2BBB6700DCDD73 /* ContrlBtn.cpp in Sources */,
				88F5F0E91C2BBB6700DCDD73 /* Global.cpp in Sources */,
				88F5F0ED1C2BBB7000DCDD73 /* OrderBtn.cpp in Sources */,
				503AE10017EB989F00D1A890 /* AppController.mm in Sources */,
				503AE10217EB989F00D1A890 /* RootViewController.mm in Sources */,
				503AE10117EB989F00D1A890 /* main.m in Sources */,
			);
			runOnlyForDeploymentPostprocessing = 0;
		};
		5087E75617EB910900C73F5D /* Sources */ = {
			isa = PBXSourcesBuildPhase;
			buildActionMask = 2147483647;
			files = (
				46880B8919C43A87006E1F66 /* AppDelegate.cpp in Sources */,
				503AE10517EB98FF00D1A890 /* main.cpp in Sources */,
				88F5F0E41C2BBB6700DCDD73 /* ConfScene.cpp in Sources */,
				88F5F0E21C2BBB6700DCDD73 /* ConfBtn.cpp in Sources */,
				88F5F0EA1C2BBB6700DCDD73 /* Global.cpp in Sources */,
				88F5F0E61C2BBB6700DCDD73 /* ContrlBtn.cpp in Sources */,
				46880B8B19C43A87006E1F66 /* HelloWorldScene.cpp in Sources */,
				88F5F0EE1C2BBB7000DCDD73 /* OrderBtn.cpp in Sources */,
				88F5F0E81C2BBB6700DCDD73 /* ContrlScene.cpp in Sources */,
			);
			runOnlyForDeploymentPostprocessing = 0;
		};
/* End PBXSourcesBuildPhase section */

/* Begin PBXTargetDependency section */
		1AC6FB16180E9959004C840B /* PBXTargetDependency */ = {
			isa = PBXTargetDependency;
			name = "cocos2dx Mac";
			targetProxy = 1AC6FB15180E9959004C840B /* PBXContainerItemProxy */;
		};
		1AC6FB25180E99E1004C840B /* PBXTargetDependency */ = {
			isa = PBXTargetDependency;
			name = "cocos2dx iOS";
			targetProxy = 1AC6FB24180E99E1004C840B /* PBXContainerItemProxy */;
		};
/* End PBXTargetDependency section */

/* Begin XCBuildConfiguration section */
		1D6058940D05DD3E006BFB54 /* Debug */ = {
			isa = XCBuildConfiguration;
			buildSettings = {
				ALWAYS_SEARCH_USER_PATHS = YES;
				CODE_SIGN_IDENTITY = "";
				COMPRESS_PNG_FILES = NO;
				ENABLE_BITCODE = NO;
				GCC_DYNAMIC_NO_PIC = NO;
				GCC_INLINES_ARE_PRIVATE_EXTERN = NO;
				GCC_PRECOMPILE_PREFIX_HEADER = YES;
				GCC_PREFIX_HEADER = ios/Prefix.pch;
				GCC_PREPROCESSOR_DEFINITIONS = (
					USE_FILE32API,
					CC_TARGET_OS_IPHONE,
					"COCOS2D_DEBUG=1",
					"CC_ENABLE_CHIPMUNK_INTEGRATION=1",
				);
				GCC_SYMBOLS_PRIVATE_EXTERN = NO;
				HEADER_SEARCH_PATHS = (
					"$(inherited)",
					"$(SRCROOT)/../cocos2d/cocos/platform/ios",
					"$(SRCROOT)/../cocos2d/cocos/platform/ios/Simulation",
				);
				INFOPLIST_FILE = ios/Info.plist;
				IPHONEOS_DEPLOYMENT_TARGET = 6.0;
				LIBRARY_SEARCH_PATHS = "";
				OTHER_LDFLAGS = (
					"$(_COCOS_LIB_IOS_BEGIN)",
					"$(_COCOS_LIB_IOS_END)",
				);
				SDKROOT = iphoneos;
				TARGETED_DEVICE_FAMILY = "1,2";
				USER_HEADER_SEARCH_PATHS = "$(_COCOS_HEADER_IOS_BEGIN) $(_COCOS_HEADER_IOS_END)";
				VALID_ARCHS = "arm64 armv7";
			};
			name = Debug;
		};
		1D6058950D05DD3E006BFB54 /* Release */ = {
			isa = XCBuildConfiguration;
			buildSettings = {
				ALWAYS_SEARCH_USER_PATHS = YES;
				CODE_SIGN_IDENTITY = "";
				COMPRESS_PNG_FILES = NO;
				ENABLE_BITCODE = NO;
				GCC_INLINES_ARE_PRIVATE_EXTERN = NO;
				GCC_PRECOMPILE_PREFIX_HEADER = YES;
				GCC_PREFIX_HEADER = ios/Prefix.pch;
				GCC_PREPROCESSOR_DEFINITIONS = (
					USE_FILE32API,
					CC_TARGET_OS_IPHONE,
					"CC_ENABLE_CHIPMUNK_INTEGRATION=1",
				);
				GCC_SYMBOLS_PRIVATE_EXTERN = NO;
				HEADER_SEARCH_PATHS = (
					"$(inherited)",
					"$(SRCROOT)/../cocos2d/cocos/platform/ios",
					"$(SRCROOT)/../cocos2d/cocos/platform/ios/Simulation",
				);
				INFOPLIST_FILE = ios/Info.plist;
				IPHONEOS_DEPLOYMENT_TARGET = 6.0;
				LIBRARY_SEARCH_PATHS = "";
				OTHER_LDFLAGS = (
					"$(_COCOS_LIB_IOS_BEGIN)",
					"$(_COCOS_LIB_IOS_END)",
				);
				SDKROOT = iphoneos;
				TARGETED_DEVICE_FAMILY = "1,2";
				USER_HEADER_SEARCH_PATHS = "$(_COCOS_HEADER_IOS_BEGIN) $(_COCOS_HEADER_IOS_END)";
				VALID_ARCHS = "arm64 armv7";
			};
			name = Release;
		};
		5087E76D17EB910900C73F5D /* Debug */ = {
			isa = XCBuildConfiguration;
			buildSettings = {
				ALWAYS_SEARCH_USER_PATHS = YES;
				ARCHS = "$(ARCHS_STANDARD_64_BIT)";
				CLANG_CXX_LANGUAGE_STANDARD = "c++0x";
				CLANG_CXX_LIBRARY = "libc++";
				GCC_DYNAMIC_NO_PIC = NO;
				GCC_INLINES_ARE_PRIVATE_EXTERN = NO;
				GCC_PRECOMPILE_PREFIX_HEADER = YES;
				GCC_PREFIX_HEADER = mac/Prefix.pch;
				GCC_PREPROCESSOR_DEFINITIONS = (
					USE_FILE32API,
					CC_TARGET_OS_MAC,
					"COCOS2D_DEBUG=1",
					"CC_ENABLE_CHIPMUNK_INTEGRATION=1",
				);
				GCC_SYMBOLS_PRIVATE_EXTERN = NO;
				HEADER_SEARCH_PATHS = (
					"$(inherited)",
					"$(SRCROOT)/../cocos2d/cocos/platform/mac",
					"$(SRCROOT)/../cocos2d/external/glfw3/include/mac",
				);
				INFOPLIST_FILE = mac/Info.plist;
				LIBRARY_SEARCH_PATHS = "";
				OTHER_LDFLAGS = (
					"$(_COCOS_LIB_MAC_BEGIN)",
					"$(_COCOS_LIB_MAC_END)",
				);
				USER_HEADER_SEARCH_PATHS = "$(_COCOS_HEADER_MAC_BEGIN) $(_COCOS_HEADER_MAC_END)";
			};
			name = Debug;
		};
		5087E76E17EB910900C73F5D /* Release */ = {
			isa = XCBuildConfiguration;
			buildSettings = {
				ALWAYS_SEARCH_USER_PATHS = YES;
				ARCHS = "$(ARCHS_STANDARD_64_BIT)";
				CLANG_CXX_LANGUAGE_STANDARD = "c++0x";
				CLANG_CXX_LIBRARY = "libc++";
				GCC_INLINES_ARE_PRIVATE_EXTERN = NO;
				GCC_PRECOMPILE_PREFIX_HEADER = YES;
				GCC_PREFIX_HEADER = mac/Prefix.pch;
				GCC_PREPROCESSOR_DEFINITIONS = (
					USE_FILE32API,
					CC_TARGET_OS_MAC,
					"CC_ENABLE_CHIPMUNK_INTEGRATION=1",
				);
				GCC_SYMBOLS_PRIVATE_EXTERN = NO;
				HEADER_SEARCH_PATHS = (
					"$(inherited)",
					"$(SRCROOT)/../cocos2d/cocos/platform/mac",
					"$(SRCROOT)/../cocos2d/external/glfw3/include/mac",
				);
				INFOPLIST_FILE = mac/Info.plist;
				LIBRARY_SEARCH_PATHS = "";
				OTHER_LDFLAGS = (
					"$(_COCOS_LIB_MAC_BEGIN)",
					"$(_COCOS_LIB_MAC_END)",
				);
				USER_HEADER_SEARCH_PATHS = "$(_COCOS_HEADER_MAC_BEGIN) $(_COCOS_HEADER_MAC_END)";
			};
			name = Release;
		};
		C01FCF4F08A954540054247B /* Debug */ = {
			isa = XCBuildConfiguration;
			buildSettings = {
				CLANG_CXX_LANGUAGE_STANDARD = "c++0x";
				CLANG_CXX_LIBRARY = "libc++";
				COPY_PHASE_STRIP = NO;
				GCC_OPTIMIZATION_LEVEL = 0;
				GCC_WARN_ABOUT_RETURN_TYPE = YES;
				GCC_WARN_UNUSED_VARIABLE = YES;
				HEADER_SEARCH_PATHS = (
					"$(SRCROOT)/../cocos2d",
					"$(SRCROOT)/../cocos2d/cocos",
					"$(SRCROOT)/../cocos2d/cocos/base",
					"$(SRCROOT)/../cocos2d/cocos/physics",
					"$(SRCROOT)/../cocos2d/cocos/math",
					"$(SRCROOT)/../cocos2d/cocos/2d",
					"$(SRCROOT)/../cocos2d/cocos/ui",
					"$(SRCROOT)/../cocos2d/cocos/network",
					"$(SRCROOT)/../cocos2d/cocos/audio/include",
					"$(SRCROOT)/../cocos2d/cocos/editor-support",
					"$(SRCROOT)/../cocos2d/extensions",
					"$(SRCROOT)/../cocos2d/external",
					"$(SRCROOT)/../cocos2d/external/chipmunk/include/chipmunk",
				);
				IPHONEOS_DEPLOYMENT_TARGET = 6.0;
				MACOSX_DEPLOYMENT_TARGET = 10.7;
				ONLY_ACTIVE_ARCH = YES;
				PRODUCT_NAME = "$(TARGET_NAME)";
				SDKROOT = macosx;
			};
			name = Debug;
		};
		C01FCF5008A954540054247B /* Release */ = {
			isa = XCBuildConfiguration;
			buildSettings = {
				CLANG_CXX_LANGUAGE_STANDARD = "c++0x";
				CLANG_CXX_LIBRARY = "libc++";
				GCC_WARN_ABOUT_RETURN_TYPE = YES;
				GCC_WARN_UNUSED_VARIABLE = YES;
				HEADER_SEARCH_PATHS = (
					"$(SRCROOT)/../cocos2d",
					"$(SRCROOT)/../cocos2d/cocos",
					"$(SRCROOT)/../cocos2d/cocos/base",
					"$(SRCROOT)/../cocos2d/cocos/physics",
					"$(SRCROOT)/../cocos2d/cocos/math",
					"$(SRCROOT)/../cocos2d/cocos/2d",
					"$(SRCROOT)/../cocos2d/cocos/ui",
					"$(SRCROOT)/../cocos2d/cocos/network",
					"$(SRCROOT)/../cocos2d/cocos/audio/include",
					"$(SRCROOT)/../cocos2d/cocos/editor-support",
					"$(SRCROOT)/../cocos2d/extensions",
					"$(SRCROOT)/../cocos2d/external",
					"$(SRCROOT)/../cocos2d/external/chipmunk/include/chipmunk",
				);
				IPHONEOS_DEPLOYMENT_TARGET = 6.0;
				MACOSX_DEPLOYMENT_TARGET = 10.7;
				OTHER_CFLAGS = "-DNS_BLOCK_ASSERTIONS=1";
				PRODUCT_NAME = "$(TARGET_NAME)";
				SDKROOT = macosx;
				VALIDATE_PRODUCT = YES;
			};
			name = Release;
		};
/* End XCBuildConfiguration section */

/* Begin XCConfigurationList section */
		1D6058960D05DD3E006BFB54 /* Build configuration list for PBXNativeTarget "kuaij-mobile" */ = {
			isa = XCConfigurationList;
			buildConfigurations = (
				1D6058940D05DD3E006BFB54 /* Debug */,
				1D6058950D05DD3E006BFB54 /* Release */,
			);
			defaultConfigurationIsVisible = 0;
			defaultConfigurationName = Debug;
		};
		5087E76C17EB910900C73F5D /* Build configuration list for PBXNativeTarget "kuaij-desktop" */ = {
			isa = XCConfigurationList;
			buildConfigurations = (
				5087E76D17EB910900C73F5D /* Debug */,
				5087E76E17EB910900C73F5D /* Release */,
			);
			defaultConfigurationIsVisible = 0;
			defaultConfigurationName = Debug;
		};
		C01FCF4E08A954540054247B /* Build configuration list for PBXProject "kuaij" */ = {
			isa = XCConfigurationList;
			buildConfigurations = (
				C01FCF4F08A954540054247B /* Debug */,
				C01FCF5008A954540054247B /* Release */,
			);
			defaultConfigurationIsVisible = 0;
			defaultConfigurationName = Debug;
		};
/* End XCConfigurationList section */
	};
	rootObject = 29B97313FDCFA39411CA2CEA /* Project object */;
}
